// !$*UTF8*$!
{
	archiveVersion = 1;
	classes = {
	};
	objectVersion = 50;
	objects = {

/* Begin PBXBuildFile section */
		13812C1E21CAA48700CAB327 /* PenpolController.swift in Sources */ = {isa = PBXBuildFile; fileRef = 13812C1C21CAA48700CAB327 /* PenpolController.swift */; };
		13812C1F21CAA48700CAB327 /* PenpolController.xib in Resources */ = {isa = PBXBuildFile; fileRef = 13812C1D21CAA48700CAB327 /* PenpolController.xib */; };
		13812C2821CAA67D00CAB327 /* QuizController.swift in Sources */ = {isa = PBXBuildFile; fileRef = 13812C2621CAA67D00CAB327 /* QuizController.swift */; };
		13812C2921CAA67D00CAB327 /* QuizController.xib in Resources */ = {isa = PBXBuildFile; fileRef = 13812C2721CAA67D00CAB327 /* QuizController.xib */; };
		13812C2B21CAA71F00CAB327 /* PenpolCoordinator.swift in Sources */ = {isa = PBXBuildFile; fileRef = 13812C2A21CAA71F00CAB327 /* PenpolCoordinator.swift */; };
		13812C2E21CAA92100CAB327 /* AskController.swift in Sources */ = {isa = PBXBuildFile; fileRef = 13812C2C21CAA92100CAB327 /* AskController.swift */; };
		13812C2F21CAA92100CAB327 /* AskController.xib in Resources */ = {isa = PBXBuildFile; fileRef = 13812C2D21CAA92100CAB327 /* AskController.xib */; };
		24F280C4B63852A75C32D7D7 /* Pods_PantauBersama_PantauBersamaTests.framework in Frameworks */ = {isa = PBXBuildFile; fileRef = C4CBA51E95EB1AE7C2940BC0 /* Pods_PantauBersama_PantauBersamaTests.framework */; };
		841CDA3D21C8BC1C0015680C /* LinimasaController.xib in Resources */ = {isa = PBXBuildFile; fileRef = 841CDA3C21C8BC1C0015680C /* LinimasaController.xib */; };
		8428AAA321C7A7790008E975 /* Localizable.strings in Resources */ = {isa = PBXBuildFile; fileRef = 8428AAA521C7A7790008E975 /* Localizable.strings */; };
		8428AAAA21C7AF330008E975 /* GoogleService-Info-Staging.plist in Resources */ = {isa = PBXBuildFile; fileRef = 8428AAA921C7AF330008E975 /* GoogleService-Info-Staging.plist */; };
		8428AAAD21C7B4B20008E975 /* GoogleService-Info.plist in Resources */ = {isa = PBXBuildFile; fileRef = 8428AAAC21C7B4B10008E975 /* GoogleService-Info.plist */; };
		844C3D3D21C4ED6D00199871 /* AppDelegate.swift in Sources */ = {isa = PBXBuildFile; fileRef = 844C3D3C21C4ED6D00199871 /* AppDelegate.swift */; };
		844C3D4521C4ED6D00199871 /* PantauBersama.xcdatamodeld in Sources */ = {isa = PBXBuildFile; fileRef = 844C3D4321C4ED6D00199871 /* PantauBersama.xcdatamodeld */; };
		844C3D4721C4ED6E00199871 /* Assets.xcassets in Resources */ = {isa = PBXBuildFile; fileRef = 844C3D4621C4ED6E00199871 /* Assets.xcassets */; };
		844C3D4A21C4ED6E00199871 /* LaunchScreen.storyboard in Resources */ = {isa = PBXBuildFile; fileRef = 844C3D4821C4ED6E00199871 /* LaunchScreen.storyboard */; };
		844C3D5521C4ED6E00199871 /* PantauBersamaTests.swift in Sources */ = {isa = PBXBuildFile; fileRef = 844C3D5421C4ED6E00199871 /* PantauBersamaTests.swift */; };
		844C3D6421C4EDE900199871 /* Common.framework in Frameworks */ = {isa = PBXBuildFile; fileRef = 844C3D6321C4EDE900199871 /* Common.framework */; };
		844C3D6621C4EDEE00199871 /* Networking.framework in Frameworks */ = {isa = PBXBuildFile; fileRef = 844C3D6521C4EDEE00199871 /* Networking.framework */; };
		844C3D6821C4EDFD00199871 /* Networking.framework in CopyFiles */ = {isa = PBXBuildFile; fileRef = 844C3D6521C4EDEE00199871 /* Networking.framework */; settings = {ATTRIBUTES = (CodeSignOnCopy, RemoveHeadersOnCopy, ); }; };
		844C3D6921C4EDFD00199871 /* Common.framework in CopyFiles */ = {isa = PBXBuildFile; fileRef = 844C3D6321C4EDE900199871 /* Common.framework */; settings = {ATTRIBUTES = (CodeSignOnCopy, RemoveHeadersOnCopy, ); }; };
		844C3D6D21C51CE900199871 /* HomeController.swift in Sources */ = {isa = PBXBuildFile; fileRef = 844C3D6C21C51CE900199871 /* HomeController.swift */; };
		844C3D7021C51D3500199871 /* PantauBarKind.swift in Sources */ = {isa = PBXBuildFile; fileRef = 844C3D6F21C51D3500199871 /* PantauBarKind.swift */; };
		844C3D7621C51EAF00199871 /* BaseCoordinator.swift in Sources */ = {isa = PBXBuildFile; fileRef = 844C3D7521C51EAF00199871 /* BaseCoordinator.swift */; };
		844C3D7821C51EFD00199871 /* HomeCoordinator.swift in Sources */ = {isa = PBXBuildFile; fileRef = 844C3D7721C51EFD00199871 /* HomeCoordinator.swift */; };
		844C3D7A21C5230C00199871 /* RawRepresentable.swift in Sources */ = {isa = PBXBuildFile; fileRef = 844C3D7921C5230C00199871 /* RawRepresentable.swift */; };
		844C3D8321C524F000199871 /* LinimasaController.swift in Sources */ = {isa = PBXBuildFile; fileRef = 844C3D8221C524F000199871 /* LinimasaController.swift */; };
		844C3D8521C5252800199871 /* LinimasaCoordinator.swift in Sources */ = {isa = PBXBuildFile; fileRef = 844C3D8421C5252800199871 /* LinimasaCoordinator.swift */; };
		844C3D8821C5265600199871 /* AppCoordinator.swift in Sources */ = {isa = PBXBuildFile; fileRef = 844C3D8721C5265600199871 /* AppCoordinator.swift */; };
		844C3D8C21C5323E00199871 /* LinimasaCell.xib in Resources */ = {isa = PBXBuildFile; fileRef = 844C3D8B21C5323E00199871 /* LinimasaCell.xib */; };
		84B2521B21CAA71200565D82 /* ViewModelType.swift in Sources */ = {isa = PBXBuildFile; fileRef = 84B2521A21CAA71200565D82 /* ViewModelType.swift */; };
		84E2854421CA195C00298E31 /* CustomActionSheet.swift in Sources */ = {isa = PBXBuildFile; fileRef = 84E2854321CA195C00298E31 /* CustomActionSheet.swift */; };
		84E2854721CA1E8300298E31 /* PilpresType.swift in Sources */ = {isa = PBXBuildFile; fileRef = 84E2854621CA1E8300298E31 /* PilpresType.swift */; };
		84E2854D21CA4BC800298E31 /* FilterViewController.xib in Resources */ = {isa = PBXBuildFile; fileRef = 84E2854C21CA4BC800298E31 /* FilterViewController.xib */; };
		84E2855121CA4D4900298E31 /* FilterViewController.swift in Sources */ = {isa = PBXBuildFile; fileRef = 84E2855021CA4D4900298E31 /* FilterViewController.swift */; };
		84E2855321CA524200298E31 /* FilterCoordinator.swift in Sources */ = {isa = PBXBuildFile; fileRef = 84E2855221CA524200298E31 /* FilterCoordinator.swift */; };
		84E2855521CA570E00298E31 /* LinimasaViewModel.swift in Sources */ = {isa = PBXBuildFile; fileRef = 84E2855421CA570E00298E31 /* LinimasaViewModel.swift */; };
		84E2855921CA777D00298E31 /* Observable.swift in Sources */ = {isa = PBXBuildFile; fileRef = 84E2855821CA777D00298E31 /* Observable.swift */; };
		84E2855B21CA7C4800298E31 /* FilterViewModel.swift in Sources */ = {isa = PBXBuildFile; fileRef = 84E2855A21CA7C4800298E31 /* FilterViewModel.swift */; };
		84F6980921C8D28B00890917 /* PilpresViewController.swift in Sources */ = {isa = PBXBuildFile; fileRef = 84F6980821C8D28A00890917 /* PilpresViewController.swift */; };
		84F6980B21C8D2B100890917 /* JanjiPolitikViewController.swift in Sources */ = {isa = PBXBuildFile; fileRef = 84F6980A21C8D2B100890917 /* JanjiPolitikViewController.swift */; };
		84F6981121C8E21B00890917 /* LinimasaCell.swift in Sources */ = {isa = PBXBuildFile; fileRef = 84F6981021C8E21B00890917 /* LinimasaCell.swift */; };
		84F6981521C8FAB000890917 /* UIControl.swift in Sources */ = {isa = PBXBuildFile; fileRef = 84F6981421C8FAB000890917 /* UIControl.swift */; };
		84F6981721C9364700890917 /* LinimasaJanjiCell.xib in Resources */ = {isa = PBXBuildFile; fileRef = 84F6981621C9364700890917 /* LinimasaJanjiCell.xib */; };
		84F6981921C93B8900890917 /* LinimasaJanjiCell.swift in Sources */ = {isa = PBXBuildFile; fileRef = 84F6981821C93B8900890917 /* LinimasaJanjiCell.swift */; };
		84F892A721C7875200DC1048 /* BwModelica-ThinCondensed.otf in Resources */ = {isa = PBXBuildFile; fileRef = 84F892A621C7875200DC1048 /* BwModelica-ThinCondensed.otf */; };
		84F892A821C787D800DC1048 /* Lato-Black.ttf in Resources */ = {isa = PBXBuildFile; fileRef = 84F8929F21C785D400DC1048 /* Lato-Black.ttf */; };
		84F892A921C787D800DC1048 /* Lato-BlackItalic.ttf in Resources */ = {isa = PBXBuildFile; fileRef = 84F892A121C785D400DC1048 /* Lato-BlackItalic.ttf */; };
		84F892AA21C787D800DC1048 /* Lato-Bold.ttf in Resources */ = {isa = PBXBuildFile; fileRef = 84F8929E21C785D400DC1048 /* Lato-Bold.ttf */; };
		84F892AB21C787D800DC1048 /* Lato-BoldItalic.ttf in Resources */ = {isa = PBXBuildFile; fileRef = 84F8929D21C785D300DC1048 /* Lato-BoldItalic.ttf */; };
		84F892AC21C787D800DC1048 /* Lato-Hairline.ttf in Resources */ = {isa = PBXBuildFile; fileRef = 84F8929921C785D300DC1048 /* Lato-Hairline.ttf */; };
		84F892AD21C787D800DC1048 /* Lato-HairlineItalic.ttf in Resources */ = {isa = PBXBuildFile; fileRef = 84F8929B21C785D300DC1048 /* Lato-HairlineItalic.ttf */; };
		84F892AE21C787D800DC1048 /* Lato-Italic.ttf in Resources */ = {isa = PBXBuildFile; fileRef = 84F8929A21C785D300DC1048 /* Lato-Italic.ttf */; };
		84F892AF21C787D800DC1048 /* Lato-Light.ttf in Resources */ = {isa = PBXBuildFile; fileRef = 84F892A221C785D400DC1048 /* Lato-Light.ttf */; };
		84F892B021C787D800DC1048 /* Lato-LightItalic.ttf in Resources */ = {isa = PBXBuildFile; fileRef = 84F892A021C785D400DC1048 /* Lato-LightItalic.ttf */; };
		84F892B121C787D800DC1048 /* Lato-Regular.ttf in Resources */ = {isa = PBXBuildFile; fileRef = 84F8929C21C785D300DC1048 /* Lato-Regular.ttf */; };
		84F892B321C787F700DC1048 /* BwModelica-BlackCondensed.otf in Resources */ = {isa = PBXBuildFile; fileRef = 84F892B221C787F700DC1048 /* BwModelica-BlackCondensed.otf */; };
		84F892B521C7887800DC1048 /* BwModelicaSS01-BoldCondensed.otf in Resources */ = {isa = PBXBuildFile; fileRef = 84F892B421C7887800DC1048 /* BwModelicaSS01-BoldCondensed.otf */; };
		F9E6A81363EEA62DC5165AFE /* Pods_PantauBersama.framework in Frameworks */ = {isa = PBXBuildFile; fileRef = 37664EC0D75D639FE37581C6 /* Pods_PantauBersama.framework */; };
/* End PBXBuildFile section */

/* Begin PBXContainerItemProxy section */
		844C3D5121C4ED6E00199871 /* PBXContainerItemProxy */ = {
			isa = PBXContainerItemProxy;
			containerPortal = 844C3D3121C4ED6D00199871 /* Project object */;
			proxyType = 1;
			remoteGlobalIDString = 844C3D3821C4ED6D00199871;
			remoteInfo = PantauBersama;
		};
/* End PBXContainerItemProxy section */

/* Begin PBXCopyFilesBuildPhase section */
		844C3D6721C4EDF100199871 /* CopyFiles */ = {
			isa = PBXCopyFilesBuildPhase;
			buildActionMask = 2147483647;
			dstPath = "";
			dstSubfolderSpec = 10;
			files = (
				844C3D6821C4EDFD00199871 /* Networking.framework in CopyFiles */,
				844C3D6921C4EDFD00199871 /* Common.framework in CopyFiles */,
			);
			runOnlyForDeploymentPostprocessing = 0;
		};
/* End PBXCopyFilesBuildPhase section */

/* Begin PBXFileReference section */
		04A224A86FBFD6EFE137644F /* Pods-PantauBersama.debug.xcconfig */ = {isa = PBXFileReference; includeInIndex = 1; lastKnownFileType = text.xcconfig; name = "Pods-PantauBersama.debug.xcconfig"; path = "../Pods/Target Support Files/Pods-PantauBersama/Pods-PantauBersama.debug.xcconfig"; sourceTree = "<group>"; };
		13812C1C21CAA48700CAB327 /* PenpolController.swift */ = {isa = PBXFileReference; lastKnownFileType = sourcecode.swift; path = PenpolController.swift; sourceTree = "<group>"; };
		13812C1D21CAA48700CAB327 /* PenpolController.xib */ = {isa = PBXFileReference; lastKnownFileType = file.xib; path = PenpolController.xib; sourceTree = "<group>"; };
		13812C2621CAA67D00CAB327 /* QuizController.swift */ = {isa = PBXFileReference; lastKnownFileType = sourcecode.swift; path = QuizController.swift; sourceTree = "<group>"; };
		13812C2721CAA67D00CAB327 /* QuizController.xib */ = {isa = PBXFileReference; lastKnownFileType = file.xib; path = QuizController.xib; sourceTree = "<group>"; };
		13812C2A21CAA71F00CAB327 /* PenpolCoordinator.swift */ = {isa = PBXFileReference; lastKnownFileType = sourcecode.swift; path = PenpolCoordinator.swift; sourceTree = "<group>"; };
		13812C2C21CAA92100CAB327 /* AskController.swift */ = {isa = PBXFileReference; lastKnownFileType = sourcecode.swift; path = AskController.swift; sourceTree = "<group>"; };
		13812C2D21CAA92100CAB327 /* AskController.xib */ = {isa = PBXFileReference; lastKnownFileType = file.xib; path = AskController.xib; sourceTree = "<group>"; };
		26FDFCB449836F8CBC965641 /* Pods-PantauBersama-PantauBersamaTests.debug.xcconfig */ = {isa = PBXFileReference; includeInIndex = 1; lastKnownFileType = text.xcconfig; name = "Pods-PantauBersama-PantauBersamaTests.debug.xcconfig"; path = "../Pods/Target Support Files/Pods-PantauBersama-PantauBersamaTests/Pods-PantauBersama-PantauBersamaTests.debug.xcconfig"; sourceTree = "<group>"; };
		2F6FF2F7B6D75F6A9B57EC24 /* Pods-PantauBersama.release.xcconfig */ = {isa = PBXFileReference; includeInIndex = 1; lastKnownFileType = text.xcconfig; name = "Pods-PantauBersama.release.xcconfig"; path = "../Pods/Target Support Files/Pods-PantauBersama/Pods-PantauBersama.release.xcconfig"; sourceTree = "<group>"; };
		37664EC0D75D639FE37581C6 /* Pods_PantauBersama.framework */ = {isa = PBXFileReference; explicitFileType = wrapper.framework; includeInIndex = 0; path = Pods_PantauBersama.framework; sourceTree = BUILT_PRODUCTS_DIR; };
		7AB70A91ECE9FAB1A4B0959B /* Pods-PantauBersama-PantauBersamaTests.release.xcconfig */ = {isa = PBXFileReference; includeInIndex = 1; lastKnownFileType = text.xcconfig; name = "Pods-PantauBersama-PantauBersamaTests.release.xcconfig"; path = "../Pods/Target Support Files/Pods-PantauBersama-PantauBersamaTests/Pods-PantauBersama-PantauBersamaTests.release.xcconfig"; sourceTree = "<group>"; };
		841CDA3C21C8BC1C0015680C /* LinimasaController.xib */ = {isa = PBXFileReference; lastKnownFileType = file.xib; path = LinimasaController.xib; sourceTree = "<group>"; };
		8428AAA021C7A7160008E975 /* id */ = {isa = PBXFileReference; lastKnownFileType = text.plist.strings; name = id; path = id.lproj/LaunchScreen.strings; sourceTree = "<group>"; };
		8428AAA421C7A7790008E975 /* en */ = {isa = PBXFileReference; lastKnownFileType = text.plist.strings; name = en; path = en.lproj/Localizable.strings; sourceTree = "<group>"; };
		8428AAA621C7A77C0008E975 /* id */ = {isa = PBXFileReference; lastKnownFileType = text.plist.strings; name = id; path = id.lproj/Localizable.strings; sourceTree = "<group>"; };
		8428AAA921C7AF330008E975 /* GoogleService-Info-Staging.plist */ = {isa = PBXFileReference; fileEncoding = 4; lastKnownFileType = text.plist.xml; path = "GoogleService-Info-Staging.plist"; sourceTree = "<group>"; };
		8428AAAC21C7B4B10008E975 /* GoogleService-Info.plist */ = {isa = PBXFileReference; fileEncoding = 4; lastKnownFileType = text.plist.xml; path = "GoogleService-Info.plist"; sourceTree = "<group>"; };
		844C3D3921C4ED6D00199871 /* PantauBersama.app */ = {isa = PBXFileReference; explicitFileType = wrapper.application; includeInIndex = 0; path = PantauBersama.app; sourceTree = BUILT_PRODUCTS_DIR; };
		844C3D3C21C4ED6D00199871 /* AppDelegate.swift */ = {isa = PBXFileReference; lastKnownFileType = sourcecode.swift; path = AppDelegate.swift; sourceTree = "<group>"; };
		844C3D4421C4ED6D00199871 /* PantauBersama.xcdatamodel */ = {isa = PBXFileReference; lastKnownFileType = wrapper.xcdatamodel; path = PantauBersama.xcdatamodel; sourceTree = "<group>"; };
		844C3D4621C4ED6E00199871 /* Assets.xcassets */ = {isa = PBXFileReference; lastKnownFileType = folder.assetcatalog; path = Assets.xcassets; sourceTree = "<group>"; };
		844C3D4921C4ED6E00199871 /* Base */ = {isa = PBXFileReference; lastKnownFileType = file.storyboard; name = Base; path = Base.lproj/LaunchScreen.storyboard; sourceTree = "<group>"; };
		844C3D4B21C4ED6E00199871 /* Info.plist */ = {isa = PBXFileReference; lastKnownFileType = text.plist.xml; path = Info.plist; sourceTree = "<group>"; };
		844C3D5021C4ED6E00199871 /* PantauBersamaTests.xctest */ = {isa = PBXFileReference; explicitFileType = wrapper.cfbundle; includeInIndex = 0; path = PantauBersamaTests.xctest; sourceTree = BUILT_PRODUCTS_DIR; };
		844C3D5421C4ED6E00199871 /* PantauBersamaTests.swift */ = {isa = PBXFileReference; lastKnownFileType = sourcecode.swift; path = PantauBersamaTests.swift; sourceTree = "<group>"; };
		844C3D5621C4ED6E00199871 /* Info.plist */ = {isa = PBXFileReference; lastKnownFileType = text.plist.xml; path = Info.plist; sourceTree = "<group>"; };
		844C3D6021C4ED9100199871 /* Staging.xcconfig */ = {isa = PBXFileReference; lastKnownFileType = text.xcconfig; path = Staging.xcconfig; sourceTree = "<group>"; };
		844C3D6121C4ED9F00199871 /* Production.xcconfig */ = {isa = PBXFileReference; lastKnownFileType = text.xcconfig; path = Production.xcconfig; sourceTree = "<group>"; };
		844C3D6321C4EDE900199871 /* Common.framework */ = {isa = PBXFileReference; explicitFileType = wrapper.framework; path = Common.framework; sourceTree = BUILT_PRODUCTS_DIR; };
		844C3D6521C4EDEE00199871 /* Networking.framework */ = {isa = PBXFileReference; explicitFileType = wrapper.framework; path = Networking.framework; sourceTree = BUILT_PRODUCTS_DIR; };
		844C3D6C21C51CE900199871 /* HomeController.swift */ = {isa = PBXFileReference; lastKnownFileType = sourcecode.swift; path = HomeController.swift; sourceTree = "<group>"; };
		844C3D6F21C51D3500199871 /* PantauBarKind.swift */ = {isa = PBXFileReference; lastKnownFileType = sourcecode.swift; path = PantauBarKind.swift; sourceTree = "<group>"; };
		844C3D7521C51EAF00199871 /* BaseCoordinator.swift */ = {isa = PBXFileReference; lastKnownFileType = sourcecode.swift; path = BaseCoordinator.swift; sourceTree = "<group>"; };
		844C3D7721C51EFD00199871 /* HomeCoordinator.swift */ = {isa = PBXFileReference; lastKnownFileType = sourcecode.swift; path = HomeCoordinator.swift; sourceTree = "<group>"; };
		844C3D7921C5230C00199871 /* RawRepresentable.swift */ = {isa = PBXFileReference; lastKnownFileType = sourcecode.swift; path = RawRepresentable.swift; sourceTree = "<group>"; };
		844C3D8221C524F000199871 /* LinimasaController.swift */ = {isa = PBXFileReference; lastKnownFileType = sourcecode.swift; path = LinimasaController.swift; sourceTree = "<group>"; };
		844C3D8421C5252800199871 /* LinimasaCoordinator.swift */ = {isa = PBXFileReference; lastKnownFileType = sourcecode.swift; path = LinimasaCoordinator.swift; sourceTree = "<group>"; };
		844C3D8721C5265600199871 /* AppCoordinator.swift */ = {isa = PBXFileReference; lastKnownFileType = sourcecode.swift; path = AppCoordinator.swift; sourceTree = "<group>"; };
		844C3D8B21C5323E00199871 /* LinimasaCell.xib */ = {isa = PBXFileReference; lastKnownFileType = file.xib; path = LinimasaCell.xib; sourceTree = "<group>"; };
		84B2521A21CAA71200565D82 /* ViewModelType.swift */ = {isa = PBXFileReference; lastKnownFileType = sourcecode.swift; path = ViewModelType.swift; sourceTree = "<group>"; };
		84E2854321CA195C00298E31 /* CustomActionSheet.swift */ = {isa = PBXFileReference; lastKnownFileType = sourcecode.swift; path = CustomActionSheet.swift; sourceTree = "<group>"; };
		84E2854621CA1E8300298E31 /* PilpresType.swift */ = {isa = PBXFileReference; lastKnownFileType = sourcecode.swift; path = PilpresType.swift; sourceTree = "<group>"; };
		84E2854C21CA4BC800298E31 /* FilterViewController.xib */ = {isa = PBXFileReference; lastKnownFileType = file.xib; path = FilterViewController.xib; sourceTree = "<group>"; };
		84E2855021CA4D4900298E31 /* FilterViewController.swift */ = {isa = PBXFileReference; lastKnownFileType = sourcecode.swift; path = FilterViewController.swift; sourceTree = "<group>"; };
		84E2855221CA524200298E31 /* FilterCoordinator.swift */ = {isa = PBXFileReference; lastKnownFileType = sourcecode.swift; path = FilterCoordinator.swift; sourceTree = "<group>"; };
		84E2855421CA570E00298E31 /* LinimasaViewModel.swift */ = {isa = PBXFileReference; lastKnownFileType = sourcecode.swift; path = LinimasaViewModel.swift; sourceTree = "<group>"; };
		84E2855821CA777D00298E31 /* Observable.swift */ = {isa = PBXFileReference; lastKnownFileType = sourcecode.swift; path = Observable.swift; sourceTree = "<group>"; };
		84E2855A21CA7C4800298E31 /* FilterViewModel.swift */ = {isa = PBXFileReference; lastKnownFileType = sourcecode.swift; path = FilterViewModel.swift; sourceTree = "<group>"; };
		84F6980821C8D28A00890917 /* PilpresViewController.swift */ = {isa = PBXFileReference; lastKnownFileType = sourcecode.swift; path = PilpresViewController.swift; sourceTree = "<group>"; };
		84F6980A21C8D2B100890917 /* JanjiPolitikViewController.swift */ = {isa = PBXFileReference; lastKnownFileType = sourcecode.swift; path = JanjiPolitikViewController.swift; sourceTree = "<group>"; };
		84F6981021C8E21B00890917 /* LinimasaCell.swift */ = {isa = PBXFileReference; lastKnownFileType = sourcecode.swift; path = LinimasaCell.swift; sourceTree = "<group>"; };
		84F6981421C8FAB000890917 /* UIControl.swift */ = {isa = PBXFileReference; lastKnownFileType = sourcecode.swift; path = UIControl.swift; sourceTree = "<group>"; };
		84F6981621C9364700890917 /* LinimasaJanjiCell.xib */ = {isa = PBXFileReference; lastKnownFileType = file.xib; path = LinimasaJanjiCell.xib; sourceTree = "<group>"; };
		84F6981821C93B8900890917 /* LinimasaJanjiCell.swift */ = {isa = PBXFileReference; lastKnownFileType = sourcecode.swift; path = LinimasaJanjiCell.swift; sourceTree = "<group>"; };
		84F8929921C785D300DC1048 /* Lato-Hairline.ttf */ = {isa = PBXFileReference; lastKnownFileType = file; path = "Lato-Hairline.ttf"; sourceTree = "<group>"; };
		84F8929A21C785D300DC1048 /* Lato-Italic.ttf */ = {isa = PBXFileReference; lastKnownFileType = file; path = "Lato-Italic.ttf"; sourceTree = "<group>"; };
		84F8929B21C785D300DC1048 /* Lato-HairlineItalic.ttf */ = {isa = PBXFileReference; lastKnownFileType = file; path = "Lato-HairlineItalic.ttf"; sourceTree = "<group>"; };
		84F8929C21C785D300DC1048 /* Lato-Regular.ttf */ = {isa = PBXFileReference; lastKnownFileType = file; path = "Lato-Regular.ttf"; sourceTree = "<group>"; };
		84F8929D21C785D300DC1048 /* Lato-BoldItalic.ttf */ = {isa = PBXFileReference; lastKnownFileType = file; path = "Lato-BoldItalic.ttf"; sourceTree = "<group>"; };
		84F8929E21C785D400DC1048 /* Lato-Bold.ttf */ = {isa = PBXFileReference; lastKnownFileType = file; path = "Lato-Bold.ttf"; sourceTree = "<group>"; };
		84F8929F21C785D400DC1048 /* Lato-Black.ttf */ = {isa = PBXFileReference; lastKnownFileType = file; path = "Lato-Black.ttf"; sourceTree = "<group>"; };
		84F892A021C785D400DC1048 /* Lato-LightItalic.ttf */ = {isa = PBXFileReference; lastKnownFileType = file; path = "Lato-LightItalic.ttf"; sourceTree = "<group>"; };
		84F892A121C785D400DC1048 /* Lato-BlackItalic.ttf */ = {isa = PBXFileReference; lastKnownFileType = file; path = "Lato-BlackItalic.ttf"; sourceTree = "<group>"; };
		84F892A221C785D400DC1048 /* Lato-Light.ttf */ = {isa = PBXFileReference; lastKnownFileType = file; path = "Lato-Light.ttf"; sourceTree = "<group>"; };
		84F892A621C7875200DC1048 /* BwModelica-ThinCondensed.otf */ = {isa = PBXFileReference; lastKnownFileType = file; path = "BwModelica-ThinCondensed.otf"; sourceTree = "<group>"; };
		84F892B221C787F700DC1048 /* BwModelica-BlackCondensed.otf */ = {isa = PBXFileReference; lastKnownFileType = file; path = "BwModelica-BlackCondensed.otf"; sourceTree = "<group>"; };
		84F892B421C7887800DC1048 /* BwModelicaSS01-BoldCondensed.otf */ = {isa = PBXFileReference; lastKnownFileType = file; path = "BwModelicaSS01-BoldCondensed.otf"; sourceTree = "<group>"; };
		C4CBA51E95EB1AE7C2940BC0 /* Pods_PantauBersama_PantauBersamaTests.framework */ = {isa = PBXFileReference; explicitFileType = wrapper.framework; includeInIndex = 0; path = Pods_PantauBersama_PantauBersamaTests.framework; sourceTree = BUILT_PRODUCTS_DIR; };
/* End PBXFileReference section */

/* Begin PBXFrameworksBuildPhase section */
		844C3D3621C4ED6D00199871 /* Frameworks */ = {
			isa = PBXFrameworksBuildPhase;
			buildActionMask = 2147483647;
			files = (
				844C3D6621C4EDEE00199871 /* Networking.framework in Frameworks */,
				844C3D6421C4EDE900199871 /* Common.framework in Frameworks */,
				F9E6A81363EEA62DC5165AFE /* Pods_PantauBersama.framework in Frameworks */,
			);
			runOnlyForDeploymentPostprocessing = 0;
		};
		844C3D4D21C4ED6E00199871 /* Frameworks */ = {
			isa = PBXFrameworksBuildPhase;
			buildActionMask = 2147483647;
			files = (
				24F280C4B63852A75C32D7D7 /* Pods_PantauBersama_PantauBersamaTests.framework in Frameworks */,
			);
			runOnlyForDeploymentPostprocessing = 0;
		};
/* End PBXFrameworksBuildPhase section */

/* Begin PBXGroup section */
		13812C1421CAA0D800CAB327 /* Ask */ = {
			isa = PBXGroup;
			children = (
				13812C2C21CAA92100CAB327 /* AskController.swift */,
				13812C2D21CAA92100CAB327 /* AskController.xib */,
			);
			path = Ask;
			sourceTree = "<group>";
		};
		13812C2021CAA4BD00CAB327 /* SubModules */ = {
			isa = PBXGroup;
			children = (
				13812C1421CAA0D800CAB327 /* Ask */,
				13812C2121CAA50C00CAB327 /* Quiz */,
			);
			path = SubModules;
			sourceTree = "<group>";
		};
		13812C2121CAA50C00CAB327 /* Quiz */ = {
			isa = PBXGroup;
			children = (
				13812C2621CAA67D00CAB327 /* QuizController.swift */,
				13812C2721CAA67D00CAB327 /* QuizController.xib */,
			);
			path = Quiz;
			sourceTree = "<group>";
		};
		7A731F6B53E97C8104446F76 /* Pods */ = {
			isa = PBXGroup;
			children = (
				04A224A86FBFD6EFE137644F /* Pods-PantauBersama.debug.xcconfig */,
				2F6FF2F7B6D75F6A9B57EC24 /* Pods-PantauBersama.release.xcconfig */,
				26FDFCB449836F8CBC965641 /* Pods-PantauBersama-PantauBersamaTests.debug.xcconfig */,
				7AB70A91ECE9FAB1A4B0959B /* Pods-PantauBersama-PantauBersamaTests.release.xcconfig */,
			);
			name = Pods;
			sourceTree = "<group>";
		};
		841CDA3E21C8BD070015680C /* SubModules */ = {
			isa = PBXGroup;
			children = (
				844C3D8A21C5322F00199871 /* Components */,
				84F6980721C8D23900890917 /* Janji Politik */,
				841CDA3F21C8BD240015680C /* Pilpres */,
			);
			path = SubModules;
			sourceTree = "<group>";
		};
		841CDA3F21C8BD240015680C /* Pilpres */ = {
			isa = PBXGroup;
			children = (
				84F6980821C8D28A00890917 /* PilpresViewController.swift */,
			);
			path = Pilpres;
			sourceTree = "<group>";
		};
		844C3D3021C4ED6D00199871 = {
			isa = PBXGroup;
			children = (
				844C3D3B21C4ED6D00199871 /* PantauBersama */,
				844C3D5321C4ED6E00199871 /* PantauBersamaTests */,
				844C3D3A21C4ED6D00199871 /* Products */,
				844C3D6221C4EDE900199871 /* Frameworks */,
				7A731F6B53E97C8104446F76 /* Pods */,
			);
			sourceTree = "<group>";
		};
		844C3D3A21C4ED6D00199871 /* Products */ = {
			isa = PBXGroup;
			children = (
				844C3D3921C4ED6D00199871 /* PantauBersama.app */,
				844C3D5021C4ED6E00199871 /* PantauBersamaTests.xctest */,
			);
			name = Products;
			sourceTree = "<group>";
		};
		844C3D3B21C4ED6D00199871 /* PantauBersama */ = {
			isa = PBXGroup;
			children = (
				844C3D8621C5264C00199871 /* App */,
				844C3D6A21C5177A00199871 /* Modules */,
				844C3D7321C51E7E00199871 /* Library */,
				844C3D7221C51E2500199871 /* Coredata */,
				844C3D7121C51DFB00199871 /* Resources */,
				844C3D5F21C4ED7500199871 /* Config */,
				844C3D3C21C4ED6D00199871 /* AppDelegate.swift */,
				844C3D4821C4ED6E00199871 /* LaunchScreen.storyboard */,
				844C3D4B21C4ED6E00199871 /* Info.plist */,
				8428AAA521C7A7790008E975 /* Localizable.strings */,
			);
			path = PantauBersama;
			sourceTree = "<group>";
		};
		844C3D5321C4ED6E00199871 /* PantauBersamaTests */ = {
			isa = PBXGroup;
			children = (
				844C3D5421C4ED6E00199871 /* PantauBersamaTests.swift */,
				844C3D5621C4ED6E00199871 /* Info.plist */,
			);
			path = PantauBersamaTests;
			sourceTree = "<group>";
		};
		844C3D5F21C4ED7500199871 /* Config */ = {
			isa = PBXGroup;
			children = (
				844C3D6021C4ED9100199871 /* Staging.xcconfig */,
				844C3D6121C4ED9F00199871 /* Production.xcconfig */,
				8428AAA921C7AF330008E975 /* GoogleService-Info-Staging.plist */,
				8428AAAC21C7B4B10008E975 /* GoogleService-Info.plist */,
			);
			path = Config;
			sourceTree = "<group>";
		};
		844C3D6221C4EDE900199871 /* Frameworks */ = {
			isa = PBXGroup;
			children = (
				844C3D6521C4EDEE00199871 /* Networking.framework */,
				844C3D6321C4EDE900199871 /* Common.framework */,
				37664EC0D75D639FE37581C6 /* Pods_PantauBersama.framework */,
				C4CBA51E95EB1AE7C2940BC0 /* Pods_PantauBersama_PantauBersamaTests.framework */,
			);
			name = Frameworks;
			sourceTree = "<group>";
		};
		844C3D6A21C5177A00199871 /* Modules */ = {
			isa = PBXGroup;
			children = (
				84E2854A21CA4B7100298E31 /* Filter */,
				844C3D6B21C51CD900199871 /* Home */,
			);
			path = Modules;
			sourceTree = "<group>";
		};
		844C3D6B21C51CD900199871 /* Home */ = {
			isa = PBXGroup;
			children = (
				844C3D7B21C5246600199871 /* SubModules */,
				844C3D6C21C51CE900199871 /* HomeController.swift */,
				844C3D6F21C51D3500199871 /* PantauBarKind.swift */,
				844C3D7721C51EFD00199871 /* HomeCoordinator.swift */,
			);
			path = Home;
			sourceTree = "<group>";
		};
		844C3D7121C51DFB00199871 /* Resources */ = {
			isa = PBXGroup;
			children = (
				84F8929821C785BF00DC1048 /* Fonts */,
				844C3D4621C4ED6E00199871 /* Assets.xcassets */,
			);
			path = Resources;
			sourceTree = "<group>";
		};
		844C3D7221C51E2500199871 /* Coredata */ = {
			isa = PBXGroup;
			children = (
				844C3D4321C4ED6D00199871 /* PantauBersama.xcdatamodeld */,
			);
			path = Coredata;
			sourceTree = "<group>";
		};
		844C3D7321C51E7E00199871 /* Library */ = {
			isa = PBXGroup;
			children = (
				84E2854121CA189B00298E31 /* CustomView */,
				844C3D7521C51EAF00199871 /* BaseCoordinator.swift */,
				844C3D7921C5230C00199871 /* RawRepresentable.swift */,
				84F6981421C8FAB000890917 /* UIControl.swift */,
				84E2855821CA777D00298E31 /* Observable.swift */,
				84B2521A21CAA71200565D82 /* ViewModelType.swift */,
			);
			path = Library;
			sourceTree = "<group>";
		};
		844C3D7B21C5246600199871 /* SubModules */ = {
			isa = PBXGroup;
			children = (
				844C3D8021C524AE00199871 /* Vote */,
				844C3D7F21C524A700199871 /* Lapor */,
				844C3D7E21C5249300199871 /* Wordstadium */,
				844C3D7D21C5248400199871 /* Penpol */,
				844C3D7C21C5247D00199871 /* Linimasa */,
			);
			path = SubModules;
			sourceTree = "<group>";
		};
		844C3D7C21C5247D00199871 /* Linimasa */ = {
			isa = PBXGroup;
			children = (
				841CDA3E21C8BD070015680C /* SubModules */,
				844C3D8121C524BC00199871 /* ViewController */,
				844C3D8421C5252800199871 /* LinimasaCoordinator.swift */,
				84E2855421CA570E00298E31 /* LinimasaViewModel.swift */,
			);
			path = Linimasa;
			sourceTree = "<group>";
		};
		844C3D7D21C5248400199871 /* Penpol */ = {
			isa = PBXGroup;
			children = (
				13812C1C21CAA48700CAB327 /* PenpolController.swift */,
				13812C1D21CAA48700CAB327 /* PenpolController.xib */,
				13812C2A21CAA71F00CAB327 /* PenpolCoordinator.swift */,
				13812C2021CAA4BD00CAB327 /* SubModules */,
			);
			path = Penpol;
			sourceTree = "<group>";
		};
		844C3D7E21C5249300199871 /* Wordstadium */ = {
			isa = PBXGroup;
			children = (
			);
			path = Wordstadium;
			sourceTree = "<group>";
		};
		844C3D7F21C524A700199871 /* Lapor */ = {
			isa = PBXGroup;
			children = (
			);
			path = Lapor;
			sourceTree = "<group>";
		};
		844C3D8021C524AE00199871 /* Vote */ = {
			isa = PBXGroup;
			children = (
			);
			path = Vote;
			sourceTree = "<group>";
		};
		844C3D8121C524BC00199871 /* ViewController */ = {
			isa = PBXGroup;
			children = (
				844C3D8221C524F000199871 /* LinimasaController.swift */,
				841CDA3C21C8BC1C0015680C /* LinimasaController.xib */,
			);
			path = ViewController;
			sourceTree = "<group>";
		};
		844C3D8621C5264C00199871 /* App */ = {
			isa = PBXGroup;
			children = (
				844C3D8721C5265600199871 /* AppCoordinator.swift */,
			);
			path = App;
			sourceTree = "<group>";
		};
		844C3D8A21C5322F00199871 /* Components */ = {
			isa = PBXGroup;
			children = (
				844C3D8B21C5323E00199871 /* LinimasaCell.xib */,
				84F6981021C8E21B00890917 /* LinimasaCell.swift */,
				84F6981621C9364700890917 /* LinimasaJanjiCell.xib */,
				84F6981821C93B8900890917 /* LinimasaJanjiCell.swift */,
			);
			path = Components;
			sourceTree = "<group>";
		};
		84E2854121CA189B00298E31 /* CustomView */ = {
			isa = PBXGroup;
			children = (
				84E2854221CA18AB00298E31 /* ActionSheet */,
			);
			path = CustomView;
			sourceTree = "<group>";
		};
		84E2854221CA18AB00298E31 /* ActionSheet */ = {
			isa = PBXGroup;
			children = (
				84E2854521CA1D7F00298E31 /* Enum */,
				84E2854321CA195C00298E31 /* CustomActionSheet.swift */,
			);
			path = ActionSheet;
			sourceTree = "<group>";
		};
		84E2854521CA1D7F00298E31 /* Enum */ = {
			isa = PBXGroup;
			children = (
				84E2854621CA1E8300298E31 /* PilpresType.swift */,
			);
			path = Enum;
			sourceTree = "<group>";
		};
		84E2854A21CA4B7100298E31 /* Filter */ = {
			isa = PBXGroup;
			children = (
				84E2854B21CA4BB600298E31 /* ViewController */,
				84E2855221CA524200298E31 /* FilterCoordinator.swift */,
				84E2855A21CA7C4800298E31 /* FilterViewModel.swift */,
			);
			path = Filter;
			sourceTree = "<group>";
		};
		84E2854B21CA4BB600298E31 /* ViewController */ = {
			isa = PBXGroup;
			children = (
				84E2854C21CA4BC800298E31 /* FilterViewController.xib */,
				84E2855021CA4D4900298E31 /* FilterViewController.swift */,
			);
			path = ViewController;
			sourceTree = "<group>";
		};
		84F6980721C8D23900890917 /* Janji Politik */ = {
			isa = PBXGroup;
			children = (
				84F6980A21C8D2B100890917 /* JanjiPolitikViewController.swift */,
			);
			path = "Janji Politik";
			sourceTree = "<group>";
		};
		84F8929821C785BF00DC1048 /* Fonts */ = {
			isa = PBXGroup;
			children = (
				84F892A421C7868700DC1048 /* BWModelica */,
				84F892A321C7867D00DC1048 /* Lato */,
			);
			path = Fonts;
			sourceTree = "<group>";
		};
		84F892A321C7867D00DC1048 /* Lato */ = {
			isa = PBXGroup;
			children = (
				84F8929F21C785D400DC1048 /* Lato-Black.ttf */,
				84F892A121C785D400DC1048 /* Lato-BlackItalic.ttf */,
				84F8929E21C785D400DC1048 /* Lato-Bold.ttf */,
				84F8929D21C785D300DC1048 /* Lato-BoldItalic.ttf */,
				84F8929921C785D300DC1048 /* Lato-Hairline.ttf */,
				84F8929B21C785D300DC1048 /* Lato-HairlineItalic.ttf */,
				84F8929A21C785D300DC1048 /* Lato-Italic.ttf */,
				84F892A221C785D400DC1048 /* Lato-Light.ttf */,
				84F892A021C785D400DC1048 /* Lato-LightItalic.ttf */,
				84F8929C21C785D300DC1048 /* Lato-Regular.ttf */,
			);
			path = Lato;
			sourceTree = "<group>";
		};
		84F892A421C7868700DC1048 /* BWModelica */ = {
			isa = PBXGroup;
			children = (
				84F892A621C7875200DC1048 /* BwModelica-ThinCondensed.otf */,
				84F892B221C787F700DC1048 /* BwModelica-BlackCondensed.otf */,
				84F892B421C7887800DC1048 /* BwModelicaSS01-BoldCondensed.otf */,
			);
			path = BWModelica;
			sourceTree = "<group>";
		};
/* End PBXGroup section */

/* Begin PBXNativeTarget section */
		844C3D3821C4ED6D00199871 /* PantauBersama */ = {
			isa = PBXNativeTarget;
			buildConfigurationList = 844C3D5921C4ED6E00199871 /* Build configuration list for PBXNativeTarget "PantauBersama" */;
			buildPhases = (
				D1138D5EE223F3B675D546DA /* [CP] Check Pods Manifest.lock */,
				844C3D3521C4ED6D00199871 /* Sources */,
				844C3D3621C4ED6D00199871 /* Frameworks */,
				844C3D3721C4ED6D00199871 /* Resources */,
				844C3D6721C4EDF100199871 /* CopyFiles */,
				FB87C8E89D65B40FDEF51D35 /* [CP] Embed Pods Frameworks */,
				8428AAAB21C7B1D30008E975 /* ShellScript */,
			);
			buildRules = (
			);
			dependencies = (
			);
			name = PantauBersama;
			productName = PantauBersama;
			productReference = 844C3D3921C4ED6D00199871 /* PantauBersama.app */;
			productType = "com.apple.product-type.application";
		};
		844C3D4F21C4ED6E00199871 /* PantauBersamaTests */ = {
			isa = PBXNativeTarget;
			buildConfigurationList = 844C3D5C21C4ED6E00199871 /* Build configuration list for PBXNativeTarget "PantauBersamaTests" */;
			buildPhases = (
				BD69F6DEF48FE2F0A82FA3A3 /* [CP] Check Pods Manifest.lock */,
				844C3D4C21C4ED6E00199871 /* Sources */,
				844C3D4D21C4ED6E00199871 /* Frameworks */,
				844C3D4E21C4ED6E00199871 /* Resources */,
				7C41DB0AFAA1DA87ABDD8FD3 /* [CP] Embed Pods Frameworks */,
			);
			buildRules = (
			);
			dependencies = (
				844C3D5221C4ED6E00199871 /* PBXTargetDependency */,
			);
			name = PantauBersamaTests;
			productName = PantauBersamaTests;
			productReference = 844C3D5021C4ED6E00199871 /* PantauBersamaTests.xctest */;
			productType = "com.apple.product-type.bundle.unit-test";
		};
/* End PBXNativeTarget section */

/* Begin PBXProject section */
		844C3D3121C4ED6D00199871 /* Project object */ = {
			isa = PBXProject;
			attributes = {
				LastSwiftUpdateCheck = 1010;
				LastUpgradeCheck = 1010;
				ORGANIZATIONNAME = PantauBersama;
				TargetAttributes = {
					844C3D3821C4ED6D00199871 = {
						CreatedOnToolsVersion = 10.1;
					};
					844C3D4F21C4ED6E00199871 = {
						CreatedOnToolsVersion = 10.1;
						TestTargetID = 844C3D3821C4ED6D00199871;
					};
				};
			};
			buildConfigurationList = 844C3D3421C4ED6D00199871 /* Build configuration list for PBXProject "PantauBersama" */;
			compatibilityVersion = "Xcode 9.3";
			developmentRegion = en;
			hasScannedForEncodings = 0;
			knownRegions = (
				en,
				Base,
				id,
			);
			mainGroup = 844C3D3021C4ED6D00199871;
			productRefGroup = 844C3D3A21C4ED6D00199871 /* Products */;
			projectDirPath = "";
			projectRoot = "";
			targets = (
				844C3D3821C4ED6D00199871 /* PantauBersama */,
				844C3D4F21C4ED6E00199871 /* PantauBersamaTests */,
			);
		};
/* End PBXProject section */

/* Begin PBXResourcesBuildPhase section */
		844C3D3721C4ED6D00199871 /* Resources */ = {
			isa = PBXResourcesBuildPhase;
			buildActionMask = 2147483647;
			files = (
				13812C2921CAA67D00CAB327 /* QuizController.xib in Resources */,
				8428AAA321C7A7790008E975 /* Localizable.strings in Resources */,
				84F892A821C787D800DC1048 /* Lato-Black.ttf in Resources */,
				84F892B321C787F700DC1048 /* BwModelica-BlackCondensed.otf in Resources */,
				84F892A921C787D800DC1048 /* Lato-BlackItalic.ttf in Resources */,
				13812C2F21CAA92100CAB327 /* AskController.xib in Resources */,
				8428AAAA21C7AF330008E975 /* GoogleService-Info-Staging.plist in Resources */,
				84F892AA21C787D800DC1048 /* Lato-Bold.ttf in Resources */,
				84E2854D21CA4BC800298E31 /* FilterViewController.xib in Resources */,
				84F892AB21C787D800DC1048 /* Lato-BoldItalic.ttf in Resources */,
				13812C1F21CAA48700CAB327 /* PenpolController.xib in Resources */,
				84F892AC21C787D800DC1048 /* Lato-Hairline.ttf in Resources */,
				84F892AD21C787D800DC1048 /* Lato-HairlineItalic.ttf in Resources */,
				84F892AE21C787D800DC1048 /* Lato-Italic.ttf in Resources */,
				84F892AF21C787D800DC1048 /* Lato-Light.ttf in Resources */,
				8428AAAD21C7B4B20008E975 /* GoogleService-Info.plist in Resources */,
				84F892B021C787D800DC1048 /* Lato-LightItalic.ttf in Resources */,
				841CDA3D21C8BC1C0015680C /* LinimasaController.xib in Resources */,
				84F892B121C787D800DC1048 /* Lato-Regular.ttf in Resources */,
				84F6981721C9364700890917 /* LinimasaJanjiCell.xib in Resources */,
				844C3D4A21C4ED6E00199871 /* LaunchScreen.storyboard in Resources */,
				84F892B521C7887800DC1048 /* BwModelicaSS01-BoldCondensed.otf in Resources */,
				84F892A721C7875200DC1048 /* BwModelica-ThinCondensed.otf in Resources */,
				844C3D8C21C5323E00199871 /* LinimasaCell.xib in Resources */,
				844C3D4721C4ED6E00199871 /* Assets.xcassets in Resources */,
			);
			runOnlyForDeploymentPostprocessing = 0;
		};
		844C3D4E21C4ED6E00199871 /* Resources */ = {
			isa = PBXResourcesBuildPhase;
			buildActionMask = 2147483647;
			files = (
			);
			runOnlyForDeploymentPostprocessing = 0;
		};
/* End PBXResourcesBuildPhase section */

/* Begin PBXShellScriptBuildPhase section */
		7C41DB0AFAA1DA87ABDD8FD3 /* [CP] Embed Pods Frameworks */ = {
			isa = PBXShellScriptBuildPhase;
			buildActionMask = 2147483647;
			files = (
			);
			inputFileListPaths = (
			);
			inputPaths = (
				"${SRCROOT}/../Pods/Target Support Files/Pods-PantauBersama-PantauBersamaTests/Pods-PantauBersama-PantauBersamaTests-frameworks.sh",
				"${BUILT_PRODUCTS_DIR}/Alamofire/Alamofire.framework",
				"${BUILT_PRODUCTS_DIR}/Moya/Moya.framework",
				"${BUILT_PRODUCTS_DIR}/Result/Result.framework",
				"${BUILT_PRODUCTS_DIR}/RxAtomic/RxAtomic.framework",
				"${BUILT_PRODUCTS_DIR}/RxCocoa/RxCocoa.framework",
				"${BUILT_PRODUCTS_DIR}/RxSwift/RxSwift.framework",
				"${BUILT_PRODUCTS_DIR}/GoogleUtilities/GoogleUtilities.framework",
				"${BUILT_PRODUCTS_DIR}/nanopb/nanopb.framework",
			);
			name = "[CP] Embed Pods Frameworks";
			outputFileListPaths = (
			);
			outputPaths = (
				"${TARGET_BUILD_DIR}/${FRAMEWORKS_FOLDER_PATH}/Alamofire.framework",
				"${TARGET_BUILD_DIR}/${FRAMEWORKS_FOLDER_PATH}/Moya.framework",
				"${TARGET_BUILD_DIR}/${FRAMEWORKS_FOLDER_PATH}/Result.framework",
				"${TARGET_BUILD_DIR}/${FRAMEWORKS_FOLDER_PATH}/RxAtomic.framework",
				"${TARGET_BUILD_DIR}/${FRAMEWORKS_FOLDER_PATH}/RxCocoa.framework",
				"${TARGET_BUILD_DIR}/${FRAMEWORKS_FOLDER_PATH}/RxSwift.framework",
				"${TARGET_BUILD_DIR}/${FRAMEWORKS_FOLDER_PATH}/GoogleUtilities.framework",
				"${TARGET_BUILD_DIR}/${FRAMEWORKS_FOLDER_PATH}/nanopb.framework",
			);
			runOnlyForDeploymentPostprocessing = 0;
			shellPath = /bin/sh;
			shellScript = "\"${SRCROOT}/../Pods/Target Support Files/Pods-PantauBersama-PantauBersamaTests/Pods-PantauBersama-PantauBersamaTests-frameworks.sh\"\n";
			showEnvVarsInLog = 0;
		};
		8428AAAB21C7B1D30008E975 /* ShellScript */ = {
			isa = PBXShellScriptBuildPhase;
			buildActionMask = 2147483647;
			files = (
			);
			inputFileListPaths = (
			);
			inputPaths = (
				"$(BUILT_PRODUCTS_DIR)/$(INFOPLIST_PATH)",
			);
			outputFileListPaths = (
			);
			outputPaths = (
			);
			runOnlyForDeploymentPostprocessing = 0;
			shellPath = /bin/sh;
			shellScript = "# Type a script or drag a script file from your workspace to insert its path.\n\"${PODS_ROOT}/Fabric/run\" 536361816a0d2006ea747cdd456218543609b7d7 d96f55a01d4a4efd856e23e31a9b32b526a24dfea02bd75db028592eaa3188c9\n";
		};
		BD69F6DEF48FE2F0A82FA3A3 /* [CP] Check Pods Manifest.lock */ = {
			isa = PBXShellScriptBuildPhase;
			buildActionMask = 2147483647;
			files = (
			);
			inputFileListPaths = (
			);
			inputPaths = (
				"${PODS_PODFILE_DIR_PATH}/Podfile.lock",
				"${PODS_ROOT}/Manifest.lock",
			);
			name = "[CP] Check Pods Manifest.lock";
			outputFileListPaths = (
			);
			outputPaths = (
				"$(DERIVED_FILE_DIR)/Pods-PantauBersama-PantauBersamaTests-checkManifestLockResult.txt",
			);
			runOnlyForDeploymentPostprocessing = 0;
			shellPath = /bin/sh;
			shellScript = "diff \"${PODS_PODFILE_DIR_PATH}/Podfile.lock\" \"${PODS_ROOT}/Manifest.lock\" > /dev/null\nif [ $? != 0 ] ; then\n    # print error to STDERR\n    echo \"error: The sandbox is not in sync with the Podfile.lock. Run 'pod install' or update your CocoaPods installation.\" >&2\n    exit 1\nfi\n# This output is used by Xcode 'outputs' to avoid re-running this script phase.\necho \"SUCCESS\" > \"${SCRIPT_OUTPUT_FILE_0}\"\n";
			showEnvVarsInLog = 0;
		};
		D1138D5EE223F3B675D546DA /* [CP] Check Pods Manifest.lock */ = {
			isa = PBXShellScriptBuildPhase;
			buildActionMask = 2147483647;
			files = (
			);
			inputFileListPaths = (
			);
			inputPaths = (
				"${PODS_PODFILE_DIR_PATH}/Podfile.lock",
				"${PODS_ROOT}/Manifest.lock",
			);
			name = "[CP] Check Pods Manifest.lock";
			outputFileListPaths = (
			);
			outputPaths = (
				"$(DERIVED_FILE_DIR)/Pods-PantauBersama-checkManifestLockResult.txt",
			);
			runOnlyForDeploymentPostprocessing = 0;
			shellPath = /bin/sh;
			shellScript = "diff \"${PODS_PODFILE_DIR_PATH}/Podfile.lock\" \"${PODS_ROOT}/Manifest.lock\" > /dev/null\nif [ $? != 0 ] ; then\n    # print error to STDERR\n    echo \"error: The sandbox is not in sync with the Podfile.lock. Run 'pod install' or update your CocoaPods installation.\" >&2\n    exit 1\nfi\n# This output is used by Xcode 'outputs' to avoid re-running this script phase.\necho \"SUCCESS\" > \"${SCRIPT_OUTPUT_FILE_0}\"\n";
			showEnvVarsInLog = 0;
		};
		FB87C8E89D65B40FDEF51D35 /* [CP] Embed Pods Frameworks */ = {
			isa = PBXShellScriptBuildPhase;
			buildActionMask = 2147483647;
			files = (
			);
			inputFileListPaths = (
			);
			inputPaths = (
				"${SRCROOT}/../Pods/Target Support Files/Pods-PantauBersama/Pods-PantauBersama-frameworks.sh",
				"${BUILT_PRODUCTS_DIR}/Alamofire/Alamofire.framework",
				"${BUILT_PRODUCTS_DIR}/Moya/Moya.framework",
				"${BUILT_PRODUCTS_DIR}/Result/Result.framework",
				"${BUILT_PRODUCTS_DIR}/RxAtomic/RxAtomic.framework",
				"${BUILT_PRODUCTS_DIR}/RxCocoa/RxCocoa.framework",
				"${BUILT_PRODUCTS_DIR}/RxSwift/RxSwift.framework",
				"${BUILT_PRODUCTS_DIR}/GoogleUtilities/GoogleUtilities.framework",
				"${BUILT_PRODUCTS_DIR}/nanopb/nanopb.framework",
			);
			name = "[CP] Embed Pods Frameworks";
			outputFileListPaths = (
			);
			outputPaths = (
				"${TARGET_BUILD_DIR}/${FRAMEWORKS_FOLDER_PATH}/Alamofire.framework",
				"${TARGET_BUILD_DIR}/${FRAMEWORKS_FOLDER_PATH}/Moya.framework",
				"${TARGET_BUILD_DIR}/${FRAMEWORKS_FOLDER_PATH}/Result.framework",
				"${TARGET_BUILD_DIR}/${FRAMEWORKS_FOLDER_PATH}/RxAtomic.framework",
				"${TARGET_BUILD_DIR}/${FRAMEWORKS_FOLDER_PATH}/RxCocoa.framework",
				"${TARGET_BUILD_DIR}/${FRAMEWORKS_FOLDER_PATH}/RxSwift.framework",
				"${TARGET_BUILD_DIR}/${FRAMEWORKS_FOLDER_PATH}/GoogleUtilities.framework",
				"${TARGET_BUILD_DIR}/${FRAMEWORKS_FOLDER_PATH}/nanopb.framework",
			);
			runOnlyForDeploymentPostprocessing = 0;
			shellPath = /bin/sh;
			shellScript = "\"${SRCROOT}/../Pods/Target Support Files/Pods-PantauBersama/Pods-PantauBersama-frameworks.sh\"\n";
			showEnvVarsInLog = 0;
		};
/* End PBXShellScriptBuildPhase section */

/* Begin PBXSourcesBuildPhase section */
		844C3D3521C4ED6D00199871 /* Sources */ = {
			isa = PBXSourcesBuildPhase;
			buildActionMask = 2147483647;
			files = (
				13812C1E21CAA48700CAB327 /* PenpolController.swift in Sources */,
				13812C2821CAA67D00CAB327 /* QuizController.swift in Sources */,
				844C3D7621C51EAF00199871 /* BaseCoordinator.swift in Sources */,
				13812C2B21CAA71F00CAB327 /* PenpolCoordinator.swift in Sources */,
				844C3D7021C51D3500199871 /* PantauBarKind.swift in Sources */,
				844C3D8821C5265600199871 /* AppCoordinator.swift in Sources */,
				84F6981121C8E21B00890917 /* LinimasaCell.swift in Sources */,
				84E2854421CA195C00298E31 /* CustomActionSheet.swift in Sources */,
				844C3D6D21C51CE900199871 /* HomeController.swift in Sources */,
				84F6980B21C8D2B100890917 /* JanjiPolitikViewController.swift in Sources */,
				844C3D4521C4ED6D00199871 /* PantauBersama.xcdatamodeld in Sources */,
				84E2855B21CA7C4800298E31 /* FilterViewModel.swift in Sources */,
				84F6981921C93B8900890917 /* LinimasaJanjiCell.swift in Sources */,
				84F6981521C8FAB000890917 /* UIControl.swift in Sources */,
				84B2521B21CAA71200565D82 /* ViewModelType.swift in Sources */,
				84E2855921CA777D00298E31 /* Observable.swift in Sources */,
				844C3D3D21C4ED6D00199871 /* AppDelegate.swift in Sources */,
				844C3D8321C524F000199871 /* LinimasaController.swift in Sources */,
				84E2855521CA570E00298E31 /* LinimasaViewModel.swift in Sources */,
				84E2855121CA4D4900298E31 /* FilterViewController.swift in Sources */,
				84F6980921C8D28B00890917 /* PilpresViewController.swift in Sources */,
				844C3D7821C51EFD00199871 /* HomeCoordinator.swift in Sources */,
				13812C2E21CAA92100CAB327 /* AskController.swift in Sources */,
				844C3D7A21C5230C00199871 /* RawRepresentable.swift in Sources */,
				84E2854721CA1E8300298E31 /* PilpresType.swift in Sources */,
				844C3D8521C5252800199871 /* LinimasaCoordinator.swift in Sources */,
				84E2855321CA524200298E31 /* FilterCoordinator.swift in Sources */,
			);
			runOnlyForDeploymentPostprocessing = 0;
		};
		844C3D4C21C4ED6E00199871 /* Sources */ = {
			isa = PBXSourcesBuildPhase;
			buildActionMask = 2147483647;
			files = (
				844C3D5521C4ED6E00199871 /* PantauBersamaTests.swift in Sources */,
			);
			runOnlyForDeploymentPostprocessing = 0;
		};
/* End PBXSourcesBuildPhase section */

/* Begin PBXTargetDependency section */
		844C3D5221C4ED6E00199871 /* PBXTargetDependency */ = {
			isa = PBXTargetDependency;
			target = 844C3D3821C4ED6D00199871 /* PantauBersama */;
			targetProxy = 844C3D5121C4ED6E00199871 /* PBXContainerItemProxy */;
		};
/* End PBXTargetDependency section */

/* Begin PBXVariantGroup section */
		8428AAA521C7A7790008E975 /* Localizable.strings */ = {
			isa = PBXVariantGroup;
			children = (
				8428AAA421C7A7790008E975 /* en */,
				8428AAA621C7A77C0008E975 /* id */,
			);
			name = Localizable.strings;
			sourceTree = "<group>";
		};
		844C3D4821C4ED6E00199871 /* LaunchScreen.storyboard */ = {
			isa = PBXVariantGroup;
			children = (
				844C3D4921C4ED6E00199871 /* Base */,
				8428AAA021C7A7160008E975 /* id */,
			);
			name = LaunchScreen.storyboard;
			sourceTree = "<group>";
		};
/* End PBXVariantGroup section */

/* Begin XCBuildConfiguration section */
		844C3D5721C4ED6E00199871 /* Debug */ = {
			isa = XCBuildConfiguration;
			baseConfigurationReference = 844C3D6021C4ED9100199871 /* Staging.xcconfig */;
			buildSettings = {
				ALWAYS_SEARCH_USER_PATHS = NO;
				CLANG_ANALYZER_LOCALIZABILITY_NONLOCALIZED = YES;
				CLANG_ANALYZER_NONNULL = YES;
				CLANG_ANALYZER_NUMBER_OBJECT_CONVERSION = YES_AGGRESSIVE;
				CLANG_CXX_LANGUAGE_STANDARD = "gnu++14";
				CLANG_CXX_LIBRARY = "libc++";
				CLANG_ENABLE_MODULES = YES;
				CLANG_ENABLE_OBJC_ARC = YES;
				CLANG_ENABLE_OBJC_WEAK = YES;
				CLANG_WARN_BLOCK_CAPTURE_AUTORELEASING = YES;
				CLANG_WARN_BOOL_CONVERSION = YES;
				CLANG_WARN_COMMA = YES;
				CLANG_WARN_CONSTANT_CONVERSION = YES;
				CLANG_WARN_DEPRECATED_OBJC_IMPLEMENTATIONS = YES;
				CLANG_WARN_DIRECT_OBJC_ISA_USAGE = YES_ERROR;
				CLANG_WARN_DOCUMENTATION_COMMENTS = YES;
				CLANG_WARN_EMPTY_BODY = YES;
				CLANG_WARN_ENUM_CONVERSION = YES;
				CLANG_WARN_INFINITE_RECURSION = YES;
				CLANG_WARN_INT_CONVERSION = YES;
				CLANG_WARN_NON_LITERAL_NULL_CONVERSION = YES;
				CLANG_WARN_OBJC_IMPLICIT_RETAIN_SELF = YES;
				CLANG_WARN_OBJC_LITERAL_CONVERSION = YES;
				CLANG_WARN_OBJC_ROOT_CLASS = YES_ERROR;
				CLANG_WARN_RANGE_LOOP_ANALYSIS = YES;
				CLANG_WARN_STRICT_PROTOTYPES = YES;
				CLANG_WARN_SUSPICIOUS_MOVE = YES;
				CLANG_WARN_UNGUARDED_AVAILABILITY = YES_AGGRESSIVE;
				CLANG_WARN_UNREACHABLE_CODE = YES;
				CLANG_WARN__DUPLICATE_METHOD_MATCH = YES;
				CODE_SIGN_IDENTITY = "iPhone Developer";
				COPY_PHASE_STRIP = NO;
				DEBUG_INFORMATION_FORMAT = dwarf;
				ENABLE_STRICT_OBJC_MSGSEND = YES;
				ENABLE_TESTABILITY = YES;
				GCC_C_LANGUAGE_STANDARD = gnu11;
				GCC_DYNAMIC_NO_PIC = NO;
				GCC_NO_COMMON_BLOCKS = YES;
				GCC_OPTIMIZATION_LEVEL = 0;
				GCC_PREPROCESSOR_DEFINITIONS = (
					"DEBUG=1",
					"$(inherited)",
				);
				GCC_WARN_64_TO_32_BIT_CONVERSION = YES;
				GCC_WARN_ABOUT_RETURN_TYPE = YES_ERROR;
				GCC_WARN_UNDECLARED_SELECTOR = YES;
				GCC_WARN_UNINITIALIZED_AUTOS = YES_AGGRESSIVE;
				GCC_WARN_UNUSED_FUNCTION = YES;
				GCC_WARN_UNUSED_VARIABLE = YES;
				IPHONEOS_DEPLOYMENT_TARGET = 10.0;
				MTL_ENABLE_DEBUG_INFO = INCLUDE_SOURCE;
				MTL_FAST_MATH = YES;
				ONLY_ACTIVE_ARCH = YES;
				SDKROOT = iphoneos;
				SWIFT_ACTIVE_COMPILATION_CONDITIONS = DEBUG;
				SWIFT_OPTIMIZATION_LEVEL = "-Onone";
			};
			name = Debug;
		};
		844C3D5821C4ED6E00199871 /* Release */ = {
			isa = XCBuildConfiguration;
			baseConfigurationReference = 844C3D6121C4ED9F00199871 /* Production.xcconfig */;
			buildSettings = {
				ALWAYS_SEARCH_USER_PATHS = NO;
				CLANG_ANALYZER_LOCALIZABILITY_NONLOCALIZED = YES;
				CLANG_ANALYZER_NONNULL = YES;
				CLANG_ANALYZER_NUMBER_OBJECT_CONVERSION = YES_AGGRESSIVE;
				CLANG_CXX_LANGUAGE_STANDARD = "gnu++14";
				CLANG_CXX_LIBRARY = "libc++";
				CLANG_ENABLE_MODULES = YES;
				CLANG_ENABLE_OBJC_ARC = YES;
				CLANG_ENABLE_OBJC_WEAK = YES;
				CLANG_WARN_BLOCK_CAPTURE_AUTORELEASING = YES;
				CLANG_WARN_BOOL_CONVERSION = YES;
				CLANG_WARN_COMMA = YES;
				CLANG_WARN_CONSTANT_CONVERSION = YES;
				CLANG_WARN_DEPRECATED_OBJC_IMPLEMENTATIONS = YES;
				CLANG_WARN_DIRECT_OBJC_ISA_USAGE = YES_ERROR;
				CLANG_WARN_DOCUMENTATION_COMMENTS = YES;
				CLANG_WARN_EMPTY_BODY = YES;
				CLANG_WARN_ENUM_CONVERSION = YES;
				CLANG_WARN_INFINITE_RECURSION = YES;
				CLANG_WARN_INT_CONVERSION = YES;
				CLANG_WARN_NON_LITERAL_NULL_CONVERSION = YES;
				CLANG_WARN_OBJC_IMPLICIT_RETAIN_SELF = YES;
				CLANG_WARN_OBJC_LITERAL_CONVERSION = YES;
				CLANG_WARN_OBJC_ROOT_CLASS = YES_ERROR;
				CLANG_WARN_RANGE_LOOP_ANALYSIS = YES;
				CLANG_WARN_STRICT_PROTOTYPES = YES;
				CLANG_WARN_SUSPICIOUS_MOVE = YES;
				CLANG_WARN_UNGUARDED_AVAILABILITY = YES_AGGRESSIVE;
				CLANG_WARN_UNREACHABLE_CODE = YES;
				CLANG_WARN__DUPLICATE_METHOD_MATCH = YES;
				CODE_SIGN_IDENTITY = "iPhone Developer";
				COPY_PHASE_STRIP = NO;
				DEBUG_INFORMATION_FORMAT = "dwarf-with-dsym";
				ENABLE_NS_ASSERTIONS = NO;
				ENABLE_STRICT_OBJC_MSGSEND = YES;
				GCC_C_LANGUAGE_STANDARD = gnu11;
				GCC_NO_COMMON_BLOCKS = YES;
				GCC_WARN_64_TO_32_BIT_CONVERSION = YES;
				GCC_WARN_ABOUT_RETURN_TYPE = YES_ERROR;
				GCC_WARN_UNDECLARED_SELECTOR = YES;
				GCC_WARN_UNINITIALIZED_AUTOS = YES_AGGRESSIVE;
				GCC_WARN_UNUSED_FUNCTION = YES;
				GCC_WARN_UNUSED_VARIABLE = YES;
				IPHONEOS_DEPLOYMENT_TARGET = 10.0;
				MTL_ENABLE_DEBUG_INFO = NO;
				MTL_FAST_MATH = YES;
				SDKROOT = iphoneos;
				SWIFT_COMPILATION_MODE = wholemodule;
				SWIFT_OPTIMIZATION_LEVEL = "-O";
				VALIDATE_PRODUCT = YES;
			};
			name = Release;
		};
		844C3D5A21C4ED6E00199871 /* Debug */ = {
			isa = XCBuildConfiguration;
			baseConfigurationReference = 04A224A86FBFD6EFE137644F /* Pods-PantauBersama.debug.xcconfig */;
			buildSettings = {
				ALWAYS_EMBED_SWIFT_STANDARD_LIBRARIES = "$(inherited)";
				ASSETCATALOG_COMPILER_APPICON_NAME = AppIcon;
				CLANG_ANALYZER_LOCALIZABILITY_NONLOCALIZED = YES;
				CODE_SIGN_STYLE = Automatic;
				DEVELOPMENT_TEAM = W53Z558FTK;
				INFOPLIST_FILE = PantauBersama/Info.plist;
				LD_RUNPATH_SEARCH_PATHS = (
					"$(inherited)",
					"@executable_path/Frameworks",
				);
				PRODUCT_BUNDLE_IDENTIFIER = com.pantaubersama.staging;
				PRODUCT_NAME = "$(TARGET_NAME)";
				SWIFT_VERSION = 4.2;
				TARGETED_DEVICE_FAMILY = "1,2";
			};
			name = Debug;
		};
		844C3D5B21C4ED6E00199871 /* Release */ = {
			isa = XCBuildConfiguration;
			baseConfigurationReference = 2F6FF2F7B6D75F6A9B57EC24 /* Pods-PantauBersama.release.xcconfig */;
			buildSettings = {
				ALWAYS_EMBED_SWIFT_STANDARD_LIBRARIES = "$(inherited)";
				ASSETCATALOG_COMPILER_APPICON_NAME = AppIcon;
				CLANG_ANALYZER_LOCALIZABILITY_NONLOCALIZED = YES;
				CODE_SIGN_STYLE = Automatic;
				DEVELOPMENT_TEAM = W53Z558FTK;
				INFOPLIST_FILE = PantauBersama/Info.plist;
				LD_RUNPATH_SEARCH_PATHS = (
					"$(inherited)",
					"@executable_path/Frameworks",
				);
				PRODUCT_BUNDLE_IDENTIFIER = com.pantaubersama;
				PRODUCT_NAME = "$(TARGET_NAME)";
				SWIFT_VERSION = 4.2;
				TARGETED_DEVICE_FAMILY = "1,2";
			};
			name = Release;
		};
		844C3D5D21C4ED6E00199871 /* Debug */ = {
			isa = XCBuildConfiguration;
			baseConfigurationReference = 26FDFCB449836F8CBC965641 /* Pods-PantauBersama-PantauBersamaTests.debug.xcconfig */;
			buildSettings = {
				ALWAYS_EMBED_SWIFT_STANDARD_LIBRARIES = "$(inherited)";
				BUNDLE_LOADER = "$(TEST_HOST)";
				CODE_SIGN_STYLE = Automatic;
				INFOPLIST_FILE = PantauBersamaTests/Info.plist;
				LD_RUNPATH_SEARCH_PATHS = (
					"$(inherited)",
					"@executable_path/Frameworks",
					"@loader_path/Frameworks",
				);
				PRODUCT_BUNDLE_IDENTIFIER = com.PantauBersamaTests;
				PRODUCT_NAME = "$(TARGET_NAME)";
				SWIFT_VERSION = 4.2;
				TARGETED_DEVICE_FAMILY = "1,2";
				TEST_HOST = "$(BUILT_PRODUCTS_DIR)/PantauBersama.app/PantauBersama";
			};
			name = Debug;
		};
		844C3D5E21C4ED6E00199871 /* Release */ = {
			isa = XCBuildConfiguration;
			baseConfigurationReference = 7AB70A91ECE9FAB1A4B0959B /* Pods-PantauBersama-PantauBersamaTests.release.xcconfig */;
			buildSettings = {
				ALWAYS_EMBED_SWIFT_STANDARD_LIBRARIES = "$(inherited)";
				BUNDLE_LOADER = "$(TEST_HOST)";
				CODE_SIGN_STYLE = Automatic;
				INFOPLIST_FILE = PantauBersamaTests/Info.plist;
				LD_RUNPATH_SEARCH_PATHS = (
					"$(inherited)",
					"@executable_path/Frameworks",
					"@loader_path/Frameworks",
				);
				PRODUCT_BUNDLE_IDENTIFIER = com.PantauBersamaTests;
				PRODUCT_NAME = "$(TARGET_NAME)";
				SWIFT_VERSION = 4.2;
				TARGETED_DEVICE_FAMILY = "1,2";
				TEST_HOST = "$(BUILT_PRODUCTS_DIR)/PantauBersama.app/PantauBersama";
			};
			name = Release;
		};
/* End XCBuildConfiguration section */

/* Begin XCConfigurationList section */
		844C3D3421C4ED6D00199871 /* Build configuration list for PBXProject "PantauBersama" */ = {
			isa = XCConfigurationList;
			buildConfigurations = (
				844C3D5721C4ED6E00199871 /* Debug */,
				844C3D5821C4ED6E00199871 /* Release */,
			);
			defaultConfigurationIsVisible = 0;
			defaultConfigurationName = Release;
		};
		844C3D5921C4ED6E00199871 /* Build configuration list for PBXNativeTarget "PantauBersama" */ = {
			isa = XCConfigurationList;
			buildConfigurations = (
				844C3D5A21C4ED6E00199871 /* Debug */,
				844C3D5B21C4ED6E00199871 /* Release */,
			);
			defaultConfigurationIsVisible = 0;
			defaultConfigurationName = Release;
		};
		844C3D5C21C4ED6E00199871 /* Build configuration list for PBXNativeTarget "PantauBersamaTests" */ = {
			isa = XCConfigurationList;
			buildConfigurations = (
				844C3D5D21C4ED6E00199871 /* Debug */,
				844C3D5E21C4ED6E00199871 /* Release */,
			);
			defaultConfigurationIsVisible = 0;
			defaultConfigurationName = Release;
		};
/* End XCConfigurationList section */

/* Begin XCVersionGroup section */
		844C3D4321C4ED6D00199871 /* PantauBersama.xcdatamodeld */ = {
			isa = XCVersionGroup;
			children = (
				844C3D4421C4ED6D00199871 /* PantauBersama.xcdatamodel */,
			);
			currentVersion = 844C3D4421C4ED6D00199871 /* PantauBersama.xcdatamodel */;
			path = PantauBersama.xcdatamodeld;
			sourceTree = "<group>";
			versionGroupType = wrapper.xcdatamodel;
		};
/* End XCVersionGroup section */
	};
	rootObject = 844C3D3121C4ED6D00199871 /* Project object */;
}
