// !$*UTF8*$!
{
	archiveVersion = 1;
	classes = {
	};
	objectVersion = 50;
	objects = {

/* Begin PBXBuildFile section */
		1D0E1E57B81AE85E2551744D /* Pods_Common.framework in Frameworks */ = {isa = PBXBuildFile; fileRef = 44BB4E6DC2355C13791C68DB /* Pods_Common.framework */; };
		841CDA4421C8BFB10015680C /* SegementedControl.swift in Sources */ = {isa = PBXBuildFile; fileRef = 841CDA4321C8BFB10015680C /* SegementedControl.swift */; };
		8428AA8921C7A2A60008E975 /* RoundView.swift in Sources */ = {isa = PBXBuildFile; fileRef = 8428AA8821C7A2A60008E975 /* RoundView.swift */; };
		8428AA8B21C7A2EC0008E975 /* UIView.swift in Sources */ = {isa = PBXBuildFile; fileRef = 8428AA8A21C7A2EC0008E975 /* UIView.swift */; };
		8428AA8D21C7A3CE0008E975 /* IReusableCell.swift in Sources */ = {isa = PBXBuildFile; fileRef = 8428AA8C21C7A3CE0008E975 /* IReusableCell.swift */; };
		8428AA8F21C7A4420008E975 /* UITableView.swift in Sources */ = {isa = PBXBuildFile; fileRef = 8428AA8E21C7A4420008E975 /* UITableView.swift */; };
		8428AA9121C7A4530008E975 /* UICollectionView.swift in Sources */ = {isa = PBXBuildFile; fileRef = 8428AA9021C7A4530008E975 /* UICollectionView.swift */; };
		8428AA9421C7A4CD0008E975 /* Localized.swift in Sources */ = {isa = PBXBuildFile; fileRef = 8428AA9321C7A4CD0008E975 /* Localized.swift */; };
		8428AA9621C7A4F10008E975 /* String+Localizable.swift in Sources */ = {isa = PBXBuildFile; fileRef = 8428AA9521C7A4F10008E975 /* String+Localizable.swift */; };
		8428AA9921C7A52F0008E975 /* ReachabilityManager.swift in Sources */ = {isa = PBXBuildFile; fileRef = 8428AA9821C7A52F0008E975 /* ReachabilityManager.swift */; };
		8428AA9C21C7A5480008E975 /* Reachability.h in Headers */ = {isa = PBXBuildFile; fileRef = 8428AA9A21C7A5480008E975 /* Reachability.h */; settings = {ATTRIBUTES = (Public, ); }; };
		8428AA9D21C7A5480008E975 /* Reachability.m in Sources */ = {isa = PBXBuildFile; fileRef = 8428AA9B21C7A5480008E975 /* Reachability.m */; };
		84B2522321CAB33700565D82 /* Userdefault.swift in Sources */ = {isa = PBXBuildFile; fileRef = 84B2522221CAB33700565D82 /* Userdefault.swift */; };
		84B2522621CAB3FF00565D82 /* KeychainService.swift in Sources */ = {isa = PBXBuildFile; fileRef = 84B2522521CAB3FF00565D82 /* KeychainService.swift */; };
		84B2522821CAB41400565D82 /* KeychainKind.swift in Sources */ = {isa = PBXBuildFile; fileRef = 84B2522721CAB41400565D82 /* KeychainKind.swift */; };
		84B2524C21CB83C700565D82 /* AppContext.swift in Sources */ = {isa = PBXBuildFile; fileRef = 84B2524B21CB83C700565D82 /* AppContext.swift */; };
		84D831CC21C4DCBB00C437B7 /* Common.framework in Frameworks */ = {isa = PBXBuildFile; fileRef = 84D831C221C4DCBB00C437B7 /* Common.framework */; };
		84D831D121C4DCBB00C437B7 /* CommonTests.swift in Sources */ = {isa = PBXBuildFile; fileRef = 84D831D021C4DCBB00C437B7 /* CommonTests.swift */; };
		84D831D321C4DCBB00C437B7 /* Common.h in Headers */ = {isa = PBXBuildFile; fileRef = 84D831C521C4DCBB00C437B7 /* Common.h */; settings = {ATTRIBUTES = (Public, ); }; };
		84E2854F21CA4C4700298E31 /* Button.swift in Sources */ = {isa = PBXBuildFile; fileRef = 84E2854E21CA4C4700298E31 /* Button.swift */; };
		84F6980621C8D19300890917 /* UIViewController.swift in Sources */ = {isa = PBXBuildFile; fileRef = 84F6980521C8D19300890917 /* UIViewController.swift */; };
		84F6980D21C8DC7F00890917 /* UINavigationBar.swift in Sources */ = {isa = PBXBuildFile; fileRef = 84F6980C21C8DC7F00890917 /* UINavigationBar.swift */; };
		84F8929521C77CCF00DC1048 /* UIColor.swift in Sources */ = {isa = PBXBuildFile; fileRef = 84F8929421C77CCF00DC1048 /* UIColor.swift */; };
		84F8929721C783A700DC1048 /* Label.swift in Sources */ = {isa = PBXBuildFile; fileRef = 84F8929621C783A700DC1048 /* Label.swift */; };
		C6B88B100524603839760787 /* Pods_CommonTests.framework in Frameworks */ = {isa = PBXBuildFile; fileRef = 02158AB122F8CEFF16E59736 /* Pods_CommonTests.framework */; };
/* End PBXBuildFile section */

/* Begin PBXContainerItemProxy section */
		84D831CD21C4DCBB00C437B7 /* PBXContainerItemProxy */ = {
			isa = PBXContainerItemProxy;
			containerPortal = 84D831B921C4DCBB00C437B7 /* Project object */;
			proxyType = 1;
			remoteGlobalIDString = 84D831C121C4DCBB00C437B7;
			remoteInfo = Common;
		};
/* End PBXContainerItemProxy section */

/* Begin PBXFileReference section */
		02158AB122F8CEFF16E59736 /* Pods_CommonTests.framework */ = {isa = PBXFileReference; explicitFileType = wrapper.framework; includeInIndex = 0; path = Pods_CommonTests.framework; sourceTree = BUILT_PRODUCTS_DIR; };
		40C1D3CEB3FC05B14DD97941 /* Pods-CommonTests.release.xcconfig */ = {isa = PBXFileReference; includeInIndex = 1; lastKnownFileType = text.xcconfig; name = "Pods-CommonTests.release.xcconfig"; path = "../Pods/Target Support Files/Pods-CommonTests/Pods-CommonTests.release.xcconfig"; sourceTree = "<group>"; };
		44BB4E6DC2355C13791C68DB /* Pods_Common.framework */ = {isa = PBXFileReference; explicitFileType = wrapper.framework; includeInIndex = 0; path = Pods_Common.framework; sourceTree = BUILT_PRODUCTS_DIR; };
		4C08C67BBDD52BC5064B7EC3 /* Pods-CommonTests.debug.xcconfig */ = {isa = PBXFileReference; includeInIndex = 1; lastKnownFileType = text.xcconfig; name = "Pods-CommonTests.debug.xcconfig"; path = "../Pods/Target Support Files/Pods-CommonTests/Pods-CommonTests.debug.xcconfig"; sourceTree = "<group>"; };
		841CDA4321C8BFB10015680C /* SegementedControl.swift */ = {isa = PBXFileReference; lastKnownFileType = sourcecode.swift; path = SegementedControl.swift; sourceTree = "<group>"; };
		8428AA8821C7A2A60008E975 /* RoundView.swift */ = {isa = PBXFileReference; lastKnownFileType = sourcecode.swift; path = RoundView.swift; sourceTree = "<group>"; };
		8428AA8A21C7A2EC0008E975 /* UIView.swift */ = {isa = PBXFileReference; lastKnownFileType = sourcecode.swift; path = UIView.swift; sourceTree = "<group>"; };
		8428AA8C21C7A3CE0008E975 /* IReusableCell.swift */ = {isa = PBXFileReference; lastKnownFileType = sourcecode.swift; path = IReusableCell.swift; sourceTree = "<group>"; };
		8428AA8E21C7A4420008E975 /* UITableView.swift */ = {isa = PBXFileReference; lastKnownFileType = sourcecode.swift; path = UITableView.swift; sourceTree = "<group>"; };
		8428AA9021C7A4530008E975 /* UICollectionView.swift */ = {isa = PBXFileReference; lastKnownFileType = sourcecode.swift; path = UICollectionView.swift; sourceTree = "<group>"; };
		8428AA9321C7A4CD0008E975 /* Localized.swift */ = {isa = PBXFileReference; lastKnownFileType = sourcecode.swift; path = Localized.swift; sourceTree = "<group>"; };
		8428AA9521C7A4F10008E975 /* String+Localizable.swift */ = {isa = PBXFileReference; lastKnownFileType = sourcecode.swift; path = "String+Localizable.swift"; sourceTree = "<group>"; };
		8428AA9821C7A52F0008E975 /* ReachabilityManager.swift */ = {isa = PBXFileReference; lastKnownFileType = sourcecode.swift; path = ReachabilityManager.swift; sourceTree = "<group>"; };
		8428AA9A21C7A5480008E975 /* Reachability.h */ = {isa = PBXFileReference; fileEncoding = 4; lastKnownFileType = sourcecode.c.h; path = Reachability.h; sourceTree = "<group>"; };
		8428AA9B21C7A5480008E975 /* Reachability.m */ = {isa = PBXFileReference; fileEncoding = 4; lastKnownFileType = sourcecode.c.objc; path = Reachability.m; sourceTree = "<group>"; };
		84B2522221CAB33700565D82 /* Userdefault.swift */ = {isa = PBXFileReference; lastKnownFileType = sourcecode.swift; path = Userdefault.swift; sourceTree = "<group>"; };
		84B2522521CAB3FF00565D82 /* KeychainService.swift */ = {isa = PBXFileReference; lastKnownFileType = sourcecode.swift; path = KeychainService.swift; sourceTree = "<group>"; };
		84B2522721CAB41400565D82 /* KeychainKind.swift */ = {isa = PBXFileReference; lastKnownFileType = sourcecode.swift; path = KeychainKind.swift; sourceTree = "<group>"; };
		84B2524B21CB83C700565D82 /* AppContext.swift */ = {isa = PBXFileReference; lastKnownFileType = sourcecode.swift; path = AppContext.swift; sourceTree = "<group>"; };
		84D831C221C4DCBB00C437B7 /* Common.framework */ = {isa = PBXFileReference; explicitFileType = wrapper.framework; includeInIndex = 0; path = Common.framework; sourceTree = BUILT_PRODUCTS_DIR; };
		84D831C521C4DCBB00C437B7 /* Common.h */ = {isa = PBXFileReference; lastKnownFileType = sourcecode.c.h; path = Common.h; sourceTree = "<group>"; };
		84D831C621C4DCBB00C437B7 /* Info.plist */ = {isa = PBXFileReference; lastKnownFileType = text.plist.xml; path = Info.plist; sourceTree = "<group>"; };
		84D831CB21C4DCBB00C437B7 /* CommonTests.xctest */ = {isa = PBXFileReference; explicitFileType = wrapper.cfbundle; includeInIndex = 0; path = CommonTests.xctest; sourceTree = BUILT_PRODUCTS_DIR; };
		84D831D021C4DCBB00C437B7 /* CommonTests.swift */ = {isa = PBXFileReference; lastKnownFileType = sourcecode.swift; path = CommonTests.swift; sourceTree = "<group>"; };
		84D831D221C4DCBB00C437B7 /* Info.plist */ = {isa = PBXFileReference; lastKnownFileType = text.plist.xml; path = Info.plist; sourceTree = "<group>"; };
		84E2854E21CA4C4700298E31 /* Button.swift */ = {isa = PBXFileReference; lastKnownFileType = sourcecode.swift; path = Button.swift; sourceTree = "<group>"; };
		84F6980521C8D19300890917 /* UIViewController.swift */ = {isa = PBXFileReference; lastKnownFileType = sourcecode.swift; path = UIViewController.swift; sourceTree = "<group>"; };
		84F6980C21C8DC7F00890917 /* UINavigationBar.swift */ = {isa = PBXFileReference; lastKnownFileType = sourcecode.swift; path = UINavigationBar.swift; sourceTree = "<group>"; };
		84F8929421C77CCF00DC1048 /* UIColor.swift */ = {isa = PBXFileReference; lastKnownFileType = sourcecode.swift; path = UIColor.swift; sourceTree = "<group>"; };
		84F8929621C783A700DC1048 /* Label.swift */ = {isa = PBXFileReference; lastKnownFileType = sourcecode.swift; path = Label.swift; sourceTree = "<group>"; };
		D0C86F94B18D2CFB51A563DE /* Pods-Common.release.xcconfig */ = {isa = PBXFileReference; includeInIndex = 1; lastKnownFileType = text.xcconfig; name = "Pods-Common.release.xcconfig"; path = "../Pods/Target Support Files/Pods-Common/Pods-Common.release.xcconfig"; sourceTree = "<group>"; };
		F51EF50C46CE7E2E19AE1628 /* Pods-Common.debug.xcconfig */ = {isa = PBXFileReference; includeInIndex = 1; lastKnownFileType = text.xcconfig; name = "Pods-Common.debug.xcconfig"; path = "../Pods/Target Support Files/Pods-Common/Pods-Common.debug.xcconfig"; sourceTree = "<group>"; };
/* End PBXFileReference section */

/* Begin PBXFrameworksBuildPhase section */
		84D831BF21C4DCBB00C437B7 /* Frameworks */ = {
			isa = PBXFrameworksBuildPhase;
			buildActionMask = 2147483647;
			files = (
				1D0E1E57B81AE85E2551744D /* Pods_Common.framework in Frameworks */,
			);
			runOnlyForDeploymentPostprocessing = 0;
		};
		84D831C821C4DCBB00C437B7 /* Frameworks */ = {
			isa = PBXFrameworksBuildPhase;
			buildActionMask = 2147483647;
			files = (
				84D831CC21C4DCBB00C437B7 /* Common.framework in Frameworks */,
				C6B88B100524603839760787 /* Pods_CommonTests.framework in Frameworks */,
			);
			runOnlyForDeploymentPostprocessing = 0;
		};
/* End PBXFrameworksBuildPhase section */

/* Begin PBXGroup section */
		406DF036767B18029047AF30 /* Frameworks */ = {
			isa = PBXGroup;
			children = (
				44BB4E6DC2355C13791C68DB /* Pods_Common.framework */,
				02158AB122F8CEFF16E59736 /* Pods_CommonTests.framework */,
			);
			name = Frameworks;
			sourceTree = "<group>";
		};
		8428AA9221C7A4B80008E975 /* Localization */ = {
			isa = PBXGroup;
			children = (
				8428AA9321C7A4CD0008E975 /* Localized.swift */,
				8428AA9521C7A4F10008E975 /* String+Localizable.swift */,
			);
			path = Localization;
			sourceTree = "<group>";
		};
		8428AA9721C7A50E0008E975 /* Reachability */ = {
			isa = PBXGroup;
			children = (
				8428AA9A21C7A5480008E975 /* Reachability.h */,
				8428AA9B21C7A5480008E975 /* Reachability.m */,
				8428AA9821C7A52F0008E975 /* ReachabilityManager.swift */,
			);
			path = Reachability;
			sourceTree = "<group>";
		};
		84B2522121CAB32200565D82 /* Userdefault */ = {
			isa = PBXGroup;
			children = (
				84B2522221CAB33700565D82 /* Userdefault.swift */,
			);
			path = Userdefault;
			sourceTree = "<group>";
		};
		84B2522421CAB3ED00565D82 /* KeychainService */ = {
			isa = PBXGroup;
			children = (
				84B2522521CAB3FF00565D82 /* KeychainService.swift */,
				84B2522721CAB41400565D82 /* KeychainKind.swift */,
			);
			path = KeychainService;
			sourceTree = "<group>";
		};
		84B2524A21CB839600565D82 /* AppContext */ = {
			isa = PBXGroup;
			children = (
				84B2524B21CB83C700565D82 /* AppContext.swift */,
			);
			path = AppContext;
			sourceTree = "<group>";
		};
		84D831B821C4DCBB00C437B7 = {
			isa = PBXGroup;
			children = (
				84D831C421C4DCBB00C437B7 /* Common */,
				84D831CF21C4DCBB00C437B7 /* CommonTests */,
				84D831C321C4DCBB00C437B7 /* Products */,
				C25D998D2045680A7470E82D /* Pods */,
				406DF036767B18029047AF30 /* Frameworks */,
			);
			sourceTree = "<group>";
		};
		84D831C321C4DCBB00C437B7 /* Products */ = {
			isa = PBXGroup;
			children = (
				84D831C221C4DCBB00C437B7 /* Common.framework */,
				84D831CB21C4DCBB00C437B7 /* CommonTests.xctest */,
			);
			name = Products;
			sourceTree = "<group>";
		};
		84D831C421C4DCBB00C437B7 /* Common */ = {
			isa = PBXGroup;
			children = (
				84B2524A21CB839600565D82 /* AppContext */,
				84B2522421CAB3ED00565D82 /* KeychainService */,
				84B2522121CAB32200565D82 /* Userdefault */,
				8428AA9721C7A50E0008E975 /* Reachability */,
				8428AA9221C7A4B80008E975 /* Localization */,
				84F8929321C77C8D00DC1048 /* UI */,
				84D831C521C4DCBB00C437B7 /* Common.h */,
				84D831C621C4DCBB00C437B7 /* Info.plist */,
			);
			path = Common;
			sourceTree = "<group>";
		};
		84D831CF21C4DCBB00C437B7 /* CommonTests */ = {
			isa = PBXGroup;
			children = (
				84D831D021C4DCBB00C437B7 /* CommonTests.swift */,
				84D831D221C4DCBB00C437B7 /* Info.plist */,
			);
			path = CommonTests;
			sourceTree = "<group>";
		};
		84F8929321C77C8D00DC1048 /* UI */ = {
			isa = PBXGroup;
			children = (
				84F8929421C77CCF00DC1048 /* UIColor.swift */,
				84F8929621C783A700DC1048 /* Label.swift */,
				8428AA8821C7A2A60008E975 /* RoundView.swift */,
				8428AA8A21C7A2EC0008E975 /* UIView.swift */,
				8428AA8C21C7A3CE0008E975 /* IReusableCell.swift */,
				8428AA8E21C7A4420008E975 /* UITableView.swift */,
				8428AA9021C7A4530008E975 /* UICollectionView.swift */,
				841CDA4321C8BFB10015680C /* SegementedControl.swift */,
				84F6980521C8D19300890917 /* UIViewController.swift */,
				84F6980C21C8DC7F00890917 /* UINavigationBar.swift */,
				84E2854E21CA4C4700298E31 /* Button.swift */,
			);
			path = UI;
			sourceTree = "<group>";
		};
		C25D998D2045680A7470E82D /* Pods */ = {
			isa = PBXGroup;
			children = (
				F51EF50C46CE7E2E19AE1628 /* Pods-Common.debug.xcconfig */,
				D0C86F94B18D2CFB51A563DE /* Pods-Common.release.xcconfig */,
				4C08C67BBDD52BC5064B7EC3 /* Pods-CommonTests.debug.xcconfig */,
				40C1D3CEB3FC05B14DD97941 /* Pods-CommonTests.release.xcconfig */,
			);
			name = Pods;
			sourceTree = "<group>";
		};
/* End PBXGroup section */

/* Begin PBXHeadersBuildPhase section */
		84D831BD21C4DCBB00C437B7 /* Headers */ = {
			isa = PBXHeadersBuildPhase;
			buildActionMask = 2147483647;
			files = (
				84D831D321C4DCBB00C437B7 /* Common.h in Headers */,
				8428AA9C21C7A5480008E975 /* Reachability.h in Headers */,
			);
			runOnlyForDeploymentPostprocessing = 0;
		};
/* End PBXHeadersBuildPhase section */

/* Begin PBXNativeTarget section */
		84D831C121C4DCBB00C437B7 /* Common */ = {
			isa = PBXNativeTarget;
			buildConfigurationList = 84D831D621C4DCBB00C437B7 /* Build configuration list for PBXNativeTarget "Common" */;
			buildPhases = (
				61A85BB4052B05083DAABE81 /* [CP] Check Pods Manifest.lock */,
				84D831BD21C4DCBB00C437B7 /* Headers */,
				84D831BE21C4DCBB00C437B7 /* Sources */,
				84D831BF21C4DCBB00C437B7 /* Frameworks */,
				84D831C021C4DCBB00C437B7 /* Resources */,
			);
			buildRules = (
			);
			dependencies = (
			);
			name = Common;
			productName = Common;
			productReference = 84D831C221C4DCBB00C437B7 /* Common.framework */;
			productType = "com.apple.product-type.framework";
		};
		84D831CA21C4DCBB00C437B7 /* CommonTests */ = {
			isa = PBXNativeTarget;
			buildConfigurationList = 84D831D921C4DCBB00C437B7 /* Build configuration list for PBXNativeTarget "CommonTests" */;
			buildPhases = (
				201DF64E73D824D2511C6F19 /* [CP] Check Pods Manifest.lock */,
				84D831C721C4DCBB00C437B7 /* Sources */,
				84D831C821C4DCBB00C437B7 /* Frameworks */,
				84D831C921C4DCBB00C437B7 /* Resources */,
			);
			buildRules = (
			);
			dependencies = (
				84D831CE21C4DCBB00C437B7 /* PBXTargetDependency */,
			);
			name = CommonTests;
			productName = CommonTests;
			productReference = 84D831CB21C4DCBB00C437B7 /* CommonTests.xctest */;
			productType = "com.apple.product-type.bundle.unit-test";
		};
/* End PBXNativeTarget section */

/* Begin PBXProject section */
		84D831B921C4DCBB00C437B7 /* Project object */ = {
			isa = PBXProject;
			attributes = {
				LastSwiftUpdateCheck = 1010;
				LastUpgradeCheck = 1010;
				ORGANIZATIONNAME = PantauBersama;
				TargetAttributes = {
					84D831C121C4DCBB00C437B7 = {
						CreatedOnToolsVersion = 10.1;
						LastSwiftMigration = 1010;
					};
					84D831CA21C4DCBB00C437B7 = {
						CreatedOnToolsVersion = 10.1;
					};
				};
			};
			buildConfigurationList = 84D831BC21C4DCBB00C437B7 /* Build configuration list for PBXProject "Common" */;
			compatibilityVersion = "Xcode 9.3";
			developmentRegion = en;
			hasScannedForEncodings = 0;
			knownRegions = (
				en,
			);
			mainGroup = 84D831B821C4DCBB00C437B7;
			productRefGroup = 84D831C321C4DCBB00C437B7 /* Products */;
			projectDirPath = "";
			projectRoot = "";
			targets = (
				84D831C121C4DCBB00C437B7 /* Common */,
				84D831CA21C4DCBB00C437B7 /* CommonTests */,
			);
		};
/* End PBXProject section */

/* Begin PBXResourcesBuildPhase section */
		84D831C021C4DCBB00C437B7 /* Resources */ = {
			isa = PBXResourcesBuildPhase;
			buildActionMask = 2147483647;
			files = (
			);
			runOnlyForDeploymentPostprocessing = 0;
		};
		84D831C921C4DCBB00C437B7 /* Resources */ = {
			isa = PBXResourcesBuildPhase;
			buildActionMask = 2147483647;
			files = (
			);
			runOnlyForDeploymentPostprocessing = 0;
		};
/* End PBXResourcesBuildPhase section */

/* Begin PBXShellScriptBuildPhase section */
		201DF64E73D824D2511C6F19 /* [CP] Check Pods Manifest.lock */ = {
			isa = PBXShellScriptBuildPhase;
			buildActionMask = 2147483647;
			files = (
			);
			inputFileListPaths = (
			);
			inputPaths = (
				"${PODS_PODFILE_DIR_PATH}/Podfile.lock",
				"${PODS_ROOT}/Manifest.lock",
			);
			name = "[CP] Check Pods Manifest.lock";
			outputFileListPaths = (
			);
			outputPaths = (
				"$(DERIVED_FILE_DIR)/Pods-CommonTests-checkManifestLockResult.txt",
			);
			runOnlyForDeploymentPostprocessing = 0;
			shellPath = /bin/sh;
			shellScript = "diff \"${PODS_PODFILE_DIR_PATH}/Podfile.lock\" \"${PODS_ROOT}/Manifest.lock\" > /dev/null\nif [ $? != 0 ] ; then\n    # print error to STDERR\n    echo \"error: The sandbox is not in sync with the Podfile.lock. Run 'pod install' or update your CocoaPods installation.\" >&2\n    exit 1\nfi\n# This output is used by Xcode 'outputs' to avoid re-running this script phase.\necho \"SUCCESS\" > \"${SCRIPT_OUTPUT_FILE_0}\"\n";
			showEnvVarsInLog = 0;
		};
		61A85BB4052B05083DAABE81 /* [CP] Check Pods Manifest.lock */ = {
			isa = PBXShellScriptBuildPhase;
			buildActionMask = 2147483647;
			files = (
			);
			inputFileListPaths = (
			);
			inputPaths = (
				"${PODS_PODFILE_DIR_PATH}/Podfile.lock",
				"${PODS_ROOT}/Manifest.lock",
			);
			name = "[CP] Check Pods Manifest.lock";
			outputFileListPaths = (
			);
			outputPaths = (
				"$(DERIVED_FILE_DIR)/Pods-Common-checkManifestLockResult.txt",
			);
			runOnlyForDeploymentPostprocessing = 0;
			shellPath = /bin/sh;
			shellScript = "diff \"${PODS_PODFILE_DIR_PATH}/Podfile.lock\" \"${PODS_ROOT}/Manifest.lock\" > /dev/null\nif [ $? != 0 ] ; then\n    # print error to STDERR\n    echo \"error: The sandbox is not in sync with the Podfile.lock. Run 'pod install' or update your CocoaPods installation.\" >&2\n    exit 1\nfi\n# This output is used by Xcode 'outputs' to avoid re-running this script phase.\necho \"SUCCESS\" > \"${SCRIPT_OUTPUT_FILE_0}\"\n";
			showEnvVarsInLog = 0;
		};
/* End PBXShellScriptBuildPhase section */

/* Begin PBXSourcesBuildPhase section */
		84D831BE21C4DCBB00C437B7 /* Sources */ = {
			isa = PBXSourcesBuildPhase;
			buildActionMask = 2147483647;
			files = (
				84B2522321CAB33700565D82 /* Userdefault.swift in Sources */,
				84B2524C21CB83C700565D82 /* AppContext.swift in Sources */,
				8428AA8B21C7A2EC0008E975 /* UIView.swift in Sources */,
				84B2522621CAB3FF00565D82 /* KeychainService.swift in Sources */,
				8428AA9421C7A4CD0008E975 /* Localized.swift in Sources */,
				84F8929721C783A700DC1048 /* Label.swift in Sources */,
				8428AA9D21C7A5480008E975 /* Reachability.m in Sources */,
				8428AA9121C7A4530008E975 /* UICollectionView.swift in Sources */,
				8428AA9921C7A52F0008E975 /* ReachabilityManager.swift in Sources */,
				8428AA8D21C7A3CE0008E975 /* IReusableCell.swift in Sources */,
				84F6980621C8D19300890917 /* UIViewController.swift in Sources */,
				8428AA9621C7A4F10008E975 /* String+Localizable.swift in Sources */,
				8428AA8921C7A2A60008E975 /* RoundView.swift in Sources */,
				84E2854F21CA4C4700298E31 /* Button.swift in Sources */,
				84B2522821CAB41400565D82 /* KeychainKind.swift in Sources */,
				84F8929521C77CCF00DC1048 /* UIColor.swift in Sources */,
				84F6980D21C8DC7F00890917 /* UINavigationBar.swift in Sources */,
				841CDA4421C8BFB10015680C /* SegementedControl.swift in Sources */,
				8428AA8F21C7A4420008E975 /* UITableView.swift in Sources */,
			);
			runOnlyForDeploymentPostprocessing = 0;
		};
		84D831C721C4DCBB00C437B7 /* Sources */ = {
			isa = PBXSourcesBuildPhase;
			buildActionMask = 2147483647;
			files = (
				84D831D121C4DCBB00C437B7 /* CommonTests.swift in Sources */,
			);
			runOnlyForDeploymentPostprocessing = 0;
		};
/* End PBXSourcesBuildPhase section */

/* Begin PBXTargetDependency section */
		84D831CE21C4DCBB00C437B7 /* PBXTargetDependency */ = {
			isa = PBXTargetDependency;
			target = 84D831C121C4DCBB00C437B7 /* Common */;
			targetProxy = 84D831CD21C4DCBB00C437B7 /* PBXContainerItemProxy */;
		};
/* End PBXTargetDependency section */

/* Begin XCBuildConfiguration section */
		84D831D421C4DCBB00C437B7 /* Debug */ = {
			isa = XCBuildConfiguration;
			buildSettings = {
				ALWAYS_SEARCH_USER_PATHS = NO;
				CLANG_ANALYZER_NONNULL = YES;
				CLANG_ANALYZER_NUMBER_OBJECT_CONVERSION = YES_AGGRESSIVE;
				CLANG_CXX_LANGUAGE_STANDARD = "gnu++14";
				CLANG_CXX_LIBRARY = "libc++";
				CLANG_ENABLE_MODULES = YES;
				CLANG_ENABLE_OBJC_ARC = YES;
				CLANG_ENABLE_OBJC_WEAK = YES;
				CLANG_WARN_BLOCK_CAPTURE_AUTORELEASING = YES;
				CLANG_WARN_BOOL_CONVERSION = YES;
				CLANG_WARN_COMMA = YES;
				CLANG_WARN_CONSTANT_CONVERSION = YES;
				CLANG_WARN_DEPRECATED_OBJC_IMPLEMENTATIONS = YES;
				CLANG_WARN_DIRECT_OBJC_ISA_USAGE = YES_ERROR;
				CLANG_WARN_DOCUMENTATION_COMMENTS = YES;
				CLANG_WARN_EMPTY_BODY = YES;
				CLANG_WARN_ENUM_CONVERSION = YES;
				CLANG_WARN_INFINITE_RECURSION = YES;
				CLANG_WARN_INT_CONVERSION = YES;
				CLANG_WARN_NON_LITERAL_NULL_CONVERSION = YES;
				CLANG_WARN_OBJC_IMPLICIT_RETAIN_SELF = YES;
				CLANG_WARN_OBJC_LITERAL_CONVERSION = YES;
				CLANG_WARN_OBJC_ROOT_CLASS = YES_ERROR;
				CLANG_WARN_RANGE_LOOP_ANALYSIS = YES;
				CLANG_WARN_STRICT_PROTOTYPES = YES;
				CLANG_WARN_SUSPICIOUS_MOVE = YES;
				CLANG_WARN_UNGUARDED_AVAILABILITY = YES_AGGRESSIVE;
				CLANG_WARN_UNREACHABLE_CODE = YES;
				CLANG_WARN__DUPLICATE_METHOD_MATCH = YES;
				CODE_SIGN_IDENTITY = "iPhone Developer";
				COPY_PHASE_STRIP = NO;
				CURRENT_PROJECT_VERSION = 1;
				DEBUG_INFORMATION_FORMAT = dwarf;
				ENABLE_STRICT_OBJC_MSGSEND = YES;
				ENABLE_TESTABILITY = YES;
				GCC_C_LANGUAGE_STANDARD = gnu11;
				GCC_DYNAMIC_NO_PIC = NO;
				GCC_NO_COMMON_BLOCKS = YES;
				GCC_OPTIMIZATION_LEVEL = 0;
				GCC_PREPROCESSOR_DEFINITIONS = (
					"DEBUG=1",
					"$(inherited)",
				);
				GCC_WARN_64_TO_32_BIT_CONVERSION = YES;
				GCC_WARN_ABOUT_RETURN_TYPE = YES_ERROR;
				GCC_WARN_UNDECLARED_SELECTOR = YES;
				GCC_WARN_UNINITIALIZED_AUTOS = YES_AGGRESSIVE;
				GCC_WARN_UNUSED_FUNCTION = YES;
				GCC_WARN_UNUSED_VARIABLE = YES;
				IPHONEOS_DEPLOYMENT_TARGET = 10.0;
				MTL_ENABLE_DEBUG_INFO = INCLUDE_SOURCE;
				MTL_FAST_MATH = YES;
				ONLY_ACTIVE_ARCH = YES;
				SDKROOT = iphoneos;
				SWIFT_ACTIVE_COMPILATION_CONDITIONS = DEBUG;
				SWIFT_OPTIMIZATION_LEVEL = "-Onone";
				VERSIONING_SYSTEM = "apple-generic";
				VERSION_INFO_PREFIX = "";
			};
			name = Debug;
		};
		84D831D521C4DCBB00C437B7 /* Release */ = {
			isa = XCBuildConfiguration;
			buildSettings = {
				ALWAYS_SEARCH_USER_PATHS = NO;
				CLANG_ANALYZER_NONNULL = YES;
				CLANG_ANALYZER_NUMBER_OBJECT_CONVERSION = YES_AGGRESSIVE;
				CLANG_CXX_LANGUAGE_STANDARD = "gnu++14";
				CLANG_CXX_LIBRARY = "libc++";
				CLANG_ENABLE_MODULES = YES;
				CLANG_ENABLE_OBJC_ARC = YES;
				CLANG_ENABLE_OBJC_WEAK = YES;
				CLANG_WARN_BLOCK_CAPTURE_AUTORELEASING = YES;
				CLANG_WARN_BOOL_CONVERSION = YES;
				CLANG_WARN_COMMA = YES;
				CLANG_WARN_CONSTANT_CONVERSION = YES;
				CLANG_WARN_DEPRECATED_OBJC_IMPLEMENTATIONS = YES;
				CLANG_WARN_DIRECT_OBJC_ISA_USAGE = YES_ERROR;
				CLANG_WARN_DOCUMENTATION_COMMENTS = YES;
				CLANG_WARN_EMPTY_BODY = YES;
				CLANG_WARN_ENUM_CONVERSION = YES;
				CLANG_WARN_INFINITE_RECURSION = YES;
				CLANG_WARN_INT_CONVERSION = YES;
				CLANG_WARN_NON_LITERAL_NULL_CONVERSION = YES;
				CLANG_WARN_OBJC_IMPLICIT_RETAIN_SELF = YES;
				CLANG_WARN_OBJC_LITERAL_CONVERSION = YES;
				CLANG_WARN_OBJC_ROOT_CLASS = YES_ERROR;
				CLANG_WARN_RANGE_LOOP_ANALYSIS = YES;
				CLANG_WARN_STRICT_PROTOTYPES = YES;
				CLANG_WARN_SUSPICIOUS_MOVE = YES;
				CLANG_WARN_UNGUARDED_AVAILABILITY = YES_AGGRESSIVE;
				CLANG_WARN_UNREACHABLE_CODE = YES;
				CLANG_WARN__DUPLICATE_METHOD_MATCH = YES;
				CODE_SIGN_IDENTITY = "iPhone Developer";
				COPY_PHASE_STRIP = NO;
				CURRENT_PROJECT_VERSION = 1;
				DEBUG_INFORMATION_FORMAT = "dwarf-with-dsym";
				ENABLE_NS_ASSERTIONS = NO;
				ENABLE_STRICT_OBJC_MSGSEND = YES;
				GCC_C_LANGUAGE_STANDARD = gnu11;
				GCC_NO_COMMON_BLOCKS = YES;
				GCC_WARN_64_TO_32_BIT_CONVERSION = YES;
				GCC_WARN_ABOUT_RETURN_TYPE = YES_ERROR;
				GCC_WARN_UNDECLARED_SELECTOR = YES;
				GCC_WARN_UNINITIALIZED_AUTOS = YES_AGGRESSIVE;
				GCC_WARN_UNUSED_FUNCTION = YES;
				GCC_WARN_UNUSED_VARIABLE = YES;
				IPHONEOS_DEPLOYMENT_TARGET = 10.0;
				MTL_ENABLE_DEBUG_INFO = NO;
				MTL_FAST_MATH = YES;
				SDKROOT = iphoneos;
				SWIFT_COMPILATION_MODE = wholemodule;
				SWIFT_OPTIMIZATION_LEVEL = "-O";
				VALIDATE_PRODUCT = YES;
				VERSIONING_SYSTEM = "apple-generic";
				VERSION_INFO_PREFIX = "";
			};
			name = Release;
		};
		84D831D721C4DCBB00C437B7 /* Debug */ = {
			isa = XCBuildConfiguration;
			baseConfigurationReference = F51EF50C46CE7E2E19AE1628 /* Pods-Common.debug.xcconfig */;
			buildSettings = {
				CLANG_ENABLE_MODULES = YES;
				CODE_SIGN_IDENTITY = "";
				CODE_SIGN_STYLE = Automatic;
				DEFINES_MODULE = YES;
				DYLIB_COMPATIBILITY_VERSION = 1;
				DYLIB_CURRENT_VERSION = 1;
				DYLIB_INSTALL_NAME_BASE = "@rpath";
				INFOPLIST_FILE = Common/Info.plist;
				INSTALL_PATH = "$(LOCAL_LIBRARY_DIR)/Frameworks";
				LD_RUNPATH_SEARCH_PATHS = (
					"$(inherited)",
					"@executable_path/Frameworks",
					"@loader_path/Frameworks",
				);
				PRODUCT_BUNDLE_IDENTIFIER = com.Common;
				PRODUCT_NAME = "$(TARGET_NAME:c99extidentifier)";
				SKIP_INSTALL = YES;
				SWIFT_OPTIMIZATION_LEVEL = "-Onone";
				SWIFT_VERSION = 4.2;
				TARGETED_DEVICE_FAMILY = "1,2";
			};
			name = Debug;
		};
		84D831D821C4DCBB00C437B7 /* Release */ = {
			isa = XCBuildConfiguration;
			baseConfigurationReference = D0C86F94B18D2CFB51A563DE /* Pods-Common.release.xcconfig */;
			buildSettings = {
				CLANG_ENABLE_MODULES = YES;
				CODE_SIGN_IDENTITY = "";
				CODE_SIGN_STYLE = Automatic;
				DEFINES_MODULE = YES;
				DYLIB_COMPATIBILITY_VERSION = 1;
				DYLIB_CURRENT_VERSION = 1;
				DYLIB_INSTALL_NAME_BASE = "@rpath";
				INFOPLIST_FILE = Common/Info.plist;
				INSTALL_PATH = "$(LOCAL_LIBRARY_DIR)/Frameworks";
				LD_RUNPATH_SEARCH_PATHS = (
					"$(inherited)",
					"@executable_path/Frameworks",
					"@loader_path/Frameworks",
				);
				PRODUCT_BUNDLE_IDENTIFIER = com.Common;
				PRODUCT_NAME = "$(TARGET_NAME:c99extidentifier)";
				SKIP_INSTALL = YES;
				SWIFT_VERSION = 4.2;
				TARGETED_DEVICE_FAMILY = "1,2";
			};
			name = Release;
		};
		84D831DA21C4DCBB00C437B7 /* Debug */ = {
			isa = XCBuildConfiguration;
			baseConfigurationReference = 4C08C67BBDD52BC5064B7EC3 /* Pods-CommonTests.debug.xcconfig */;
			buildSettings = {
				ALWAYS_EMBED_SWIFT_STANDARD_LIBRARIES = YES;
				CODE_SIGN_STYLE = Automatic;
				INFOPLIST_FILE = CommonTests/Info.plist;
				LD_RUNPATH_SEARCH_PATHS = (
					"$(inherited)",
					"@executable_path/Frameworks",
					"@loader_path/Frameworks",
				);
				PRODUCT_BUNDLE_IDENTIFIER = com.CommonTests;
				PRODUCT_NAME = "$(TARGET_NAME)";
				SWIFT_VERSION = 4.2;
				TARGETED_DEVICE_FAMILY = "1,2";
			};
			name = Debug;
		};
		84D831DB21C4DCBB00C437B7 /* Release */ = {
			isa = XCBuildConfiguration;
			baseConfigurationReference = 40C1D3CEB3FC05B14DD97941 /* Pods-CommonTests.release.xcconfig */;
			buildSettings = {
				ALWAYS_EMBED_SWIFT_STANDARD_LIBRARIES = YES;
				CODE_SIGN_STYLE = Automatic;
				INFOPLIST_FILE = CommonTests/Info.plist;
				LD_RUNPATH_SEARCH_PATHS = (
					"$(inherited)",
					"@executable_path/Frameworks",
					"@loader_path/Frameworks",
				);
				PRODUCT_BUNDLE_IDENTIFIER = com.CommonTests;
				PRODUCT_NAME = "$(TARGET_NAME)";
				SWIFT_VERSION = 4.2;
				TARGETED_DEVICE_FAMILY = "1,2";
			};
			name = Release;
		};
/* End XCBuildConfiguration section */

/* Begin XCConfigurationList section */
		84D831BC21C4DCBB00C437B7 /* Build configuration list for PBXProject "Common" */ = {
			isa = XCConfigurationList;
			buildConfigurations = (
				84D831D421C4DCBB00C437B7 /* Debug */,
				84D831D521C4DCBB00C437B7 /* Release */,
			);
			defaultConfigurationIsVisible = 0;
			defaultConfigurationName = Release;
		};
		84D831D621C4DCBB00C437B7 /* Build configuration list for PBXNativeTarget "Common" */ = {
			isa = XCConfigurationList;
			buildConfigurations = (
				84D831D721C4DCBB00C437B7 /* Debug */,
				84D831D821C4DCBB00C437B7 /* Release */,
			);
			defaultConfigurationIsVisible = 0;
			defaultConfigurationName = Release;
		};
		84D831D921C4DCBB00C437B7 /* Build configuration list for PBXNativeTarget "CommonTests" */ = {
			isa = XCConfigurationList;
			buildConfigurations = (
				84D831DA21C4DCBB00C437B7 /* Debug */,
				84D831DB21C4DCBB00C437B7 /* Release */,
			);
			defaultConfigurationIsVisible = 0;
			defaultConfigurationName = Release;
		};
/* End XCConfigurationList section */
	};
	rootObject = 84D831B921C4DCBB00C437B7 /* Project object */;
}
